// !$*UTF8*$!
{
	archiveVersion = 1;
	classes = {
	};
	objectVersion = 46;
	objects = {

/* Begin PBXBuildFile section */
		4CAFBEF6F7A1D0E8BBB9489B /* libPods-LunchCast.a in Frameworks */ = {isa = PBXBuildFile; fileRef = 610331DEEB135215163AFE7B /* libPods-LunchCast.a */; };
		7A7D04DF1C88DF0200710F16 /* UserSubscription.m in Sources */ = {isa = PBXBuildFile; fileRef = 7A7D04D41C88DF0200710F16 /* UserSubscription.m */; };
		7A7D04E01C88DF0200710F16 /* Tag.m in Sources */ = {isa = PBXBuildFile; fileRef = 7A7D04D61C88DF0200710F16 /* Tag.m */; };
		7A7D04E11C88DF0200710F16 /* OrderItem.m in Sources */ = {isa = PBXBuildFile; fileRef = 7A7D04D81C88DF0200710F16 /* OrderItem.m */; };
		7A7D04E21C88DF0200710F16 /* Restaurant.m in Sources */ = {isa = PBXBuildFile; fileRef = 7A7D04DA1C88DF0200710F16 /* Restaurant.m */; };
		7A7D04E31C88DF0200710F16 /* Meal.m in Sources */ = {isa = PBXBuildFile; fileRef = 7A7D04DC1C88DF0200710F16 /* Meal.m */; };
		7A7D04E41C88DF0200710F16 /* Order.m in Sources */ = {isa = PBXBuildFile; fileRef = 7A7D04DE1C88DF0200710F16 /* Order.m */; };
		7AC9E46A1C83435B001BEA84 /* CreateOrderViewController.m in Sources */ = {isa = PBXBuildFile; fileRef = 7AC9E4691C83435B001BEA84 /* CreateOrderViewController.m */; };
		7AC9E4701C834716001BEA84 /* RestaurantCell.m in Sources */ = {isa = PBXBuildFile; fileRef = 7AC9E46F1C834716001BEA84 /* RestaurantCell.m */; };
		7AD2515D1C76873000091C75 /* main.m in Sources */ = {isa = PBXBuildFile; fileRef = 7AD2515C1C76873000091C75 /* main.m */; };
		7AD251601C76873000091C75 /* AppDelegate.m in Sources */ = {isa = PBXBuildFile; fileRef = 7AD2515F1C76873000091C75 /* AppDelegate.m */; };
		7AD251681C76873000091C75 /* Assets.xcassets in Resources */ = {isa = PBXBuildFile; fileRef = 7AD251671C76873000091C75 /* Assets.xcassets */; };
		7AD2516B1C76873000091C75 /* LaunchScreen.storyboard in Resources */ = {isa = PBXBuildFile; fileRef = 7AD251691C76873000091C75 /* LaunchScreen.storyboard */; };
		7AD251901C76890E00091C75 /* HomeViewController.m in Sources */ = {isa = PBXBuildFile; fileRef = 7AD2518F1C76890E00091C75 /* HomeViewController.m */; };
		7AD251931C76892800091C75 /* OrdersViewController.m in Sources */ = {isa = PBXBuildFile; fileRef = 7AD251921C76892800091C75 /* OrdersViewController.m */; };
		7AD251961C768E9A00091C75 /* OrdersCell.m in Sources */ = {isa = PBXBuildFile; fileRef = 7AD251951C768E9A00091C75 /* OrdersCell.m */; };
		7AD2519C1C76907F00091C75 /* OrderDetailsViewController.m in Sources */ = {isa = PBXBuildFile; fileRef = 7AD2519B1C76907F00091C75 /* OrderDetailsViewController.m */; };
		7AD2519F1C76942B00091C75 /* MenuViewController.m in Sources */ = {isa = PBXBuildFile; fileRef = 7AD2519E1C76942B00091C75 /* MenuViewController.m */; };
		7AF3C60C1C86505600555E98 /* MenuCell.m in Sources */ = {isa = PBXBuildFile; fileRef = 7AF3C60B1C86505600555E98 /* MenuCell.m */; };
		7AF5DDE91D21B0CE00BD79C1 /* TextFieldWithInsets.m in Sources */ = {isa = PBXBuildFile; fileRef = 7AF5DDE81D21B0CE00BD79C1 /* TextFieldWithInsets.m */; };
		7AF5DDEC1D21B49000BD79C1 /* UIColor+NewColorAdditions.m in Sources */ = {isa = PBXBuildFile; fileRef = 7AF5DDEB1D21B49000BD79C1 /* UIColor+NewColorAdditions.m */; };
		7AF5DDEF1D21B98F00BD79C1 /* CustomCollectionViewCell.m in Sources */ = {isa = PBXBuildFile; fileRef = 7AF5DDEE1D21B98F00BD79C1 /* CustomCollectionViewCell.m */; };
		7AF5DDF21D21BB3F00BD79C1 /* SubscriptionCollectionViewController.m in Sources */ = {isa = PBXBuildFile; fileRef = 7AF5DDF11D21BB3F00BD79C1 /* SubscriptionCollectionViewController.m */; };
		D61489C41C8A2215003E917D /* GroupTableViewCell.m in Sources */ = {isa = PBXBuildFile; fileRef = D61489C31C8A2215003E917D /* GroupTableViewCell.m */; };
		D687C0731C7A053D00C0B1D6 /* SignInVC.m in Sources */ = {isa = PBXBuildFile; fileRef = D687C0701C7A053D00C0B1D6 /* SignInVC.m */; };
		D687C0771C7A058D00C0B1D6 /* Validator.m in Sources */ = {isa = PBXBuildFile; fileRef = D687C0761C7A058D00C0B1D6 /* Validator.m */; };
		D687C07B1C7A05BB00C0B1D6 /* UIAlertController+EasyInit.m in Sources */ = {isa = PBXBuildFile; fileRef = D687C07A1C7A05BB00C0B1D6 /* UIAlertController+EasyInit.m */; };
		D687C07F1C7A05D600C0B1D6 /* CustomActivityIndicator.m in Sources */ = {isa = PBXBuildFile; fileRef = D687C07E1C7A05D600C0B1D6 /* CustomActivityIndicator.m */; };
		D687C0841C7A05F100C0B1D6 /* AccountData.m in Sources */ = {isa = PBXBuildFile; fileRef = D687C0811C7A05F100C0B1D6 /* AccountData.m */; };
		D687C0851C7A05F100C0B1D6 /* AccountManager.m in Sources */ = {isa = PBXBuildFile; fileRef = D687C0831C7A05F100C0B1D6 /* AccountManager.m */; };
		D687C08E1C7A064700C0B1D6 /* PushNotificationRegistrator.m in Sources */ = {isa = PBXBuildFile; fileRef = D687C08D1C7A064700C0B1D6 /* PushNotificationRegistrator.m */; };
		D687C0901C7A0BB200C0B1D6 /* SystemConfiguration.framework in Frameworks */ = {isa = PBXBuildFile; fileRef = D687C08F1C7A0BB200C0B1D6 /* SystemConfiguration.framework */; };
		D69810951C8B2EC600E401AA /* Main.storyboard in Resources */ = {isa = PBXBuildFile; fileRef = D69810931C8B2EC600E401AA /* Main.storyboard */; };
		D6A4651C1C83A6AD0046701D /* MyProfileViewController.m in Sources */ = {isa = PBXBuildFile; fileRef = D6A4651B1C83A6AD0046701D /* MyProfileViewController.m */; };
		D6A4651F1C83A7B80046701D /* Utilities.m in Sources */ = {isa = PBXBuildFile; fileRef = D6A4651E1C83A7B80046701D /* Utilities.m */; };
/* End PBXBuildFile section */

/* Begin PBXFileReference section */
		610331DEEB135215163AFE7B /* libPods-LunchCast.a */ = {isa = PBXFileReference; explicitFileType = archive.ar; includeInIndex = 0; path = "libPods-LunchCast.a"; sourceTree = BUILT_PRODUCTS_DIR; };
		6FE45A4C69520820192EC0C6 /* Pods-LunchCast.release.xcconfig */ = {isa = PBXFileReference; includeInIndex = 1; lastKnownFileType = text.xcconfig; name = "Pods-LunchCast.release.xcconfig"; path = "Pods/Target Support Files/Pods-LunchCast/Pods-LunchCast.release.xcconfig"; sourceTree = "<group>"; };
		7A466D76E770EAACDCFE0460 /* Pods-LunchCast.debug.xcconfig */ = {isa = PBXFileReference; includeInIndex = 1; lastKnownFileType = text.xcconfig; name = "Pods-LunchCast.debug.xcconfig"; path = "Pods/Target Support Files/Pods-LunchCast/Pods-LunchCast.debug.xcconfig"; sourceTree = "<group>"; };
		7A7D04D31C88DF0200710F16 /* UserSubscription.h */ = {isa = PBXFileReference; fileEncoding = 4; lastKnownFileType = sourcecode.c.h; path = UserSubscription.h; sourceTree = SOURCE_ROOT; };
		7A7D04D41C88DF0200710F16 /* UserSubscription.m */ = {isa = PBXFileReference; fileEncoding = 4; lastKnownFileType = sourcecode.c.objc; path = UserSubscription.m; sourceTree = SOURCE_ROOT; };
		7A7D04D51C88DF0200710F16 /* Tag.h */ = {isa = PBXFileReference; fileEncoding = 4; lastKnownFileType = sourcecode.c.h; path = Tag.h; sourceTree = SOURCE_ROOT; };
		7A7D04D61C88DF0200710F16 /* Tag.m */ = {isa = PBXFileReference; fileEncoding = 4; lastKnownFileType = sourcecode.c.objc; path = Tag.m; sourceTree = SOURCE_ROOT; };
		7A7D04D71C88DF0200710F16 /* OrderItem.h */ = {isa = PBXFileReference; fileEncoding = 4; lastKnownFileType = sourcecode.c.h; path = OrderItem.h; sourceTree = SOURCE_ROOT; };
		7A7D04D81C88DF0200710F16 /* OrderItem.m */ = {isa = PBXFileReference; fileEncoding = 4; lastKnownFileType = sourcecode.c.objc; path = OrderItem.m; sourceTree = SOURCE_ROOT; };
		7A7D04D91C88DF0200710F16 /* Restaurant.h */ = {isa = PBXFileReference; fileEncoding = 4; lastKnownFileType = sourcecode.c.h; path = Restaurant.h; sourceTree = SOURCE_ROOT; };
		7A7D04DA1C88DF0200710F16 /* Restaurant.m */ = {isa = PBXFileReference; fileEncoding = 4; lastKnownFileType = sourcecode.c.objc; path = Restaurant.m; sourceTree = SOURCE_ROOT; };
		7A7D04DB1C88DF0200710F16 /* Meal.h */ = {isa = PBXFileReference; fileEncoding = 4; lastKnownFileType = sourcecode.c.h; path = Meal.h; sourceTree = SOURCE_ROOT; };
		7A7D04DC1C88DF0200710F16 /* Meal.m */ = {isa = PBXFileReference; fileEncoding = 4; lastKnownFileType = sourcecode.c.objc; path = Meal.m; sourceTree = SOURCE_ROOT; };
		7A7D04DD1C88DF0200710F16 /* Order.h */ = {isa = PBXFileReference; fileEncoding = 4; lastKnownFileType = sourcecode.c.h; path = Order.h; sourceTree = SOURCE_ROOT; };
		7A7D04DE1C88DF0200710F16 /* Order.m */ = {isa = PBXFileReference; fileEncoding = 4; lastKnownFileType = sourcecode.c.objc; path = Order.m; sourceTree = SOURCE_ROOT; };
		7A7D04E51C88DF0F00710F16 /* DataObjects.h */ = {isa = PBXFileReference; lastKnownFileType = sourcecode.c.h; path = DataObjects.h; sourceTree = SOURCE_ROOT; };
		7AC9E4681C83435B001BEA84 /* CreateOrderViewController.h */ = {isa = PBXFileReference; fileEncoding = 4; lastKnownFileType = sourcecode.c.h; path = CreateOrderViewController.h; sourceTree = SOURCE_ROOT; };
		7AC9E4691C83435B001BEA84 /* CreateOrderViewController.m */ = {isa = PBXFileReference; fileEncoding = 4; lastKnownFileType = sourcecode.c.objc; path = CreateOrderViewController.m; sourceTree = SOURCE_ROOT; };
		7AC9E46E1C834716001BEA84 /* RestaurantCell.h */ = {isa = PBXFileReference; fileEncoding = 4; lastKnownFileType = sourcecode.c.h; path = RestaurantCell.h; sourceTree = SOURCE_ROOT; };
		7AC9E46F1C834716001BEA84 /* RestaurantCell.m */ = {isa = PBXFileReference; fileEncoding = 4; lastKnownFileType = sourcecode.c.objc; path = RestaurantCell.m; sourceTree = SOURCE_ROOT; };
		7AD251581C76873000091C75 /* LunchCast.app */ = {isa = PBXFileReference; explicitFileType = wrapper.application; includeInIndex = 0; path = LunchCast.app; sourceTree = BUILT_PRODUCTS_DIR; };
		7AD2515C1C76873000091C75 /* main.m */ = {isa = PBXFileReference; lastKnownFileType = sourcecode.c.objc; name = main.m; path = LunchCast/main.m; sourceTree = SOURCE_ROOT; };
		7AD2515E1C76873000091C75 /* AppDelegate.h */ = {isa = PBXFileReference; lastKnownFileType = sourcecode.c.h; name = AppDelegate.h; path = LunchCast/AppDelegate.h; sourceTree = SOURCE_ROOT; };
		7AD2515F1C76873000091C75 /* AppDelegate.m */ = {isa = PBXFileReference; lastKnownFileType = sourcecode.c.objc; name = AppDelegate.m; path = LunchCast/AppDelegate.m; sourceTree = SOURCE_ROOT; };
		7AD251671C76873000091C75 /* Assets.xcassets */ = {isa = PBXFileReference; lastKnownFileType = folder.assetcatalog; name = Assets.xcassets; path = LunchCast/Assets.xcassets; sourceTree = SOURCE_ROOT; };
		7AD2516A1C76873000091C75 /* Base */ = {isa = PBXFileReference; lastKnownFileType = file.storyboard; name = Base; path = Base.lproj/LaunchScreen.storyboard; sourceTree = "<group>"; };
		7AD2516C1C76873000091C75 /* Info.plist */ = {isa = PBXFileReference; lastKnownFileType = text.plist.xml; name = Info.plist; path = LunchCast/Info.plist; sourceTree = SOURCE_ROOT; };
		7AD2518E1C76890E00091C75 /* HomeViewController.h */ = {isa = PBXFileReference; fileEncoding = 4; lastKnownFileType = sourcecode.c.h; path = HomeViewController.h; sourceTree = SOURCE_ROOT; };
		7AD2518F1C76890E00091C75 /* HomeViewController.m */ = {isa = PBXFileReference; fileEncoding = 4; lastKnownFileType = sourcecode.c.objc; path = HomeViewController.m; sourceTree = SOURCE_ROOT; };
		7AD251911C76892800091C75 /* OrdersViewController.h */ = {isa = PBXFileReference; fileEncoding = 4; lastKnownFileType = sourcecode.c.h; name = OrdersViewController.h; path = LunchCast/OrdersViewController.h; sourceTree = SOURCE_ROOT; };
		7AD251921C76892800091C75 /* OrdersViewController.m */ = {isa = PBXFileReference; fileEncoding = 4; lastKnownFileType = sourcecode.c.objc; name = OrdersViewController.m; path = LunchCast/OrdersViewController.m; sourceTree = SOURCE_ROOT; };
		7AD251941C768E9A00091C75 /* OrdersCell.h */ = {isa = PBXFileReference; fileEncoding = 4; lastKnownFileType = sourcecode.c.h; name = OrdersCell.h; path = LunchCast/OrdersCell.h; sourceTree = SOURCE_ROOT; };
		7AD251951C768E9A00091C75 /* OrdersCell.m */ = {isa = PBXFileReference; fileEncoding = 4; lastKnownFileType = sourcecode.c.objc; name = OrdersCell.m; path = LunchCast/OrdersCell.m; sourceTree = SOURCE_ROOT; };
		7AD2519A1C76907F00091C75 /* OrderDetailsViewController.h */ = {isa = PBXFileReference; fileEncoding = 4; lastKnownFileType = sourcecode.c.h; name = OrderDetailsViewController.h; path = LunchCast/OrderDetailsViewController.h; sourceTree = SOURCE_ROOT; };
		7AD2519B1C76907F00091C75 /* OrderDetailsViewController.m */ = {isa = PBXFileReference; fileEncoding = 4; lastKnownFileType = sourcecode.c.objc; name = OrderDetailsViewController.m; path = LunchCast/OrderDetailsViewController.m; sourceTree = SOURCE_ROOT; };
		7AD2519D1C76942B00091C75 /* MenuViewController.h */ = {isa = PBXFileReference; fileEncoding = 4; lastKnownFileType = sourcecode.c.h; name = MenuViewController.h; path = LunchCast/MenuViewController.h; sourceTree = SOURCE_ROOT; };
		7AD2519E1C76942B00091C75 /* MenuViewController.m */ = {isa = PBXFileReference; fileEncoding = 4; lastKnownFileType = sourcecode.c.objc; name = MenuViewController.m; path = LunchCast/MenuViewController.m; sourceTree = SOURCE_ROOT; };
		7AF3C60A1C86505600555E98 /* MenuCell.h */ = {isa = PBXFileReference; fileEncoding = 4; lastKnownFileType = sourcecode.c.h; path = MenuCell.h; sourceTree = SOURCE_ROOT; };
		7AF3C60B1C86505600555E98 /* MenuCell.m */ = {isa = PBXFileReference; fileEncoding = 4; lastKnownFileType = sourcecode.c.objc; path = MenuCell.m; sourceTree = SOURCE_ROOT; };
		7AF5DDE71D21B0CE00BD79C1 /* TextFieldWithInsets.h */ = {isa = PBXFileReference; fileEncoding = 4; lastKnownFileType = sourcecode.c.h; path = TextFieldWithInsets.h; sourceTree = SOURCE_ROOT; };
		7AF5DDE81D21B0CE00BD79C1 /* TextFieldWithInsets.m */ = {isa = PBXFileReference; fileEncoding = 4; lastKnownFileType = sourcecode.c.objc; path = TextFieldWithInsets.m; sourceTree = SOURCE_ROOT; };
		7AF5DDEA1D21B49000BD79C1 /* UIColor+NewColorAdditions.h */ = {isa = PBXFileReference; fileEncoding = 4; lastKnownFileType = sourcecode.c.h; path = "UIColor+NewColorAdditions.h"; sourceTree = SOURCE_ROOT; };
		7AF5DDEB1D21B49000BD79C1 /* UIColor+NewColorAdditions.m */ = {isa = PBXFileReference; fileEncoding = 4; lastKnownFileType = sourcecode.c.objc; path = "UIColor+NewColorAdditions.m"; sourceTree = SOURCE_ROOT; };
		7AF5DDED1D21B98F00BD79C1 /* CustomCollectionViewCell.h */ = {isa = PBXFileReference; fileEncoding = 4; lastKnownFileType = sourcecode.c.h; path = CustomCollectionViewCell.h; sourceTree = SOURCE_ROOT; };
		7AF5DDEE1D21B98F00BD79C1 /* CustomCollectionViewCell.m */ = {isa = PBXFileReference; fileEncoding = 4; lastKnownFileType = sourcecode.c.objc; path = CustomCollectionViewCell.m; sourceTree = SOURCE_ROOT; };
		7AF5DDF01D21BB3F00BD79C1 /* SubscriptionCollectionViewController.h */ = {isa = PBXFileReference; fileEncoding = 4; lastKnownFileType = sourcecode.c.h; path = SubscriptionCollectionViewController.h; sourceTree = SOURCE_ROOT; };
		7AF5DDF11D21BB3F00BD79C1 /* SubscriptionCollectionViewController.m */ = {isa = PBXFileReference; fileEncoding = 4; lastKnownFileType = sourcecode.c.objc; path = SubscriptionCollectionViewController.m; sourceTree = SOURCE_ROOT; };
		D61489C21C8A2215003E917D /* GroupTableViewCell.h */ = {isa = PBXFileReference; fileEncoding = 4; lastKnownFileType = sourcecode.c.h; path = GroupTableViewCell.h; sourceTree = SOURCE_ROOT; };
		D61489C31C8A2215003E917D /* GroupTableViewCell.m */ = {isa = PBXFileReference; fileEncoding = 4; lastKnownFileType = sourcecode.c.objc; path = GroupTableViewCell.m; sourceTree = SOURCE_ROOT; };
		D687C06F1C7A053D00C0B1D6 /* SignInVC.h */ = {isa = PBXFileReference; fileEncoding = 4; lastKnownFileType = sourcecode.c.h; path = SignInVC.h; sourceTree = SOURCE_ROOT; };
		D687C0701C7A053D00C0B1D6 /* SignInVC.m */ = {isa = PBXFileReference; fileEncoding = 4; lastKnownFileType = sourcecode.c.objc; path = SignInVC.m; sourceTree = SOURCE_ROOT; };
		D687C0751C7A058D00C0B1D6 /* Validator.h */ = {isa = PBXFileReference; fileEncoding = 4; lastKnownFileType = sourcecode.c.h; path = Validator.h; sourceTree = SOURCE_ROOT; };
		D687C0761C7A058D00C0B1D6 /* Validator.m */ = {isa = PBXFileReference; fileEncoding = 4; lastKnownFileType = sourcecode.c.objc; path = Validator.m; sourceTree = SOURCE_ROOT; };
		D687C0791C7A05BB00C0B1D6 /* UIAlertController+EasyInit.h */ = {isa = PBXFileReference; fileEncoding = 4; lastKnownFileType = sourcecode.c.h; path = "UIAlertController+EasyInit.h"; sourceTree = SOURCE_ROOT; };
		D687C07A1C7A05BB00C0B1D6 /* UIAlertController+EasyInit.m */ = {isa = PBXFileReference; fileEncoding = 4; lastKnownFileType = sourcecode.c.objc; path = "UIAlertController+EasyInit.m"; sourceTree = SOURCE_ROOT; };
		D687C07D1C7A05D600C0B1D6 /* CustomActivityIndicator.h */ = {isa = PBXFileReference; fileEncoding = 4; lastKnownFileType = sourcecode.c.h; path = CustomActivityIndicator.h; sourceTree = SOURCE_ROOT; };
		D687C07E1C7A05D600C0B1D6 /* CustomActivityIndicator.m */ = {isa = PBXFileReference; fileEncoding = 4; lastKnownFileType = sourcecode.c.objc; path = CustomActivityIndicator.m; sourceTree = SOURCE_ROOT; };
		D687C0801C7A05F100C0B1D6 /* AccountData.h */ = {isa = PBXFileReference; fileEncoding = 4; lastKnownFileType = sourcecode.c.h; path = AccountData.h; sourceTree = SOURCE_ROOT; };
		D687C0811C7A05F100C0B1D6 /* AccountData.m */ = {isa = PBXFileReference; fileEncoding = 4; lastKnownFileType = sourcecode.c.objc; path = AccountData.m; sourceTree = SOURCE_ROOT; };
		D687C0821C7A05F100C0B1D6 /* AccountManager.h */ = {isa = PBXFileReference; fileEncoding = 4; lastKnownFileType = sourcecode.c.h; path = AccountManager.h; sourceTree = SOURCE_ROOT; };
		D687C0831C7A05F100C0B1D6 /* AccountManager.m */ = {isa = PBXFileReference; fileEncoding = 4; lastKnownFileType = sourcecode.c.objc; path = AccountManager.m; sourceTree = SOURCE_ROOT; };
		D687C0891C7A062500C0B1D6 /* PrefixHeader.pch */ = {isa = PBXFileReference; lastKnownFileType = sourcecode.c.h; path = PrefixHeader.pch; sourceTree = SOURCE_ROOT; };
		D687C08A1C7A062500C0B1D6 /* ErrorCoding.h */ = {isa = PBXFileReference; lastKnownFileType = sourcecode.c.h; path = ErrorCoding.h; sourceTree = SOURCE_ROOT; };
		D687C08B1C7A062500C0B1D6 /* RequestCallbackProtocol.h */ = {isa = PBXFileReference; lastKnownFileType = sourcecode.c.h; path = RequestCallbackProtocol.h; sourceTree = SOURCE_ROOT; };
		D687C08C1C7A064700C0B1D6 /* PushNotificationRegistrator.h */ = {isa = PBXFileReference; fileEncoding = 4; lastKnownFileType = sourcecode.c.h; path = PushNotificationRegistrator.h; sourceTree = SOURCE_ROOT; };
		D687C08D1C7A064700C0B1D6 /* PushNotificationRegistrator.m */ = {isa = PBXFileReference; fileEncoding = 4; lastKnownFileType = sourcecode.c.objc; path = PushNotificationRegistrator.m; sourceTree = SOURCE_ROOT; };
		D687C08F1C7A0BB200C0B1D6 /* SystemConfiguration.framework */ = {isa = PBXFileReference; lastKnownFileType = wrapper.framework; name = SystemConfiguration.framework; path = System/Library/Frameworks/SystemConfiguration.framework; sourceTree = SDKROOT; };
		D69810941C8B2EC600E401AA /* Base */ = {isa = PBXFileReference; lastKnownFileType = file.storyboard; name = Base; path = LunchCast/Base.lproj/Main.storyboard; sourceTree = SOURCE_ROOT; };
		D6A465181C83488D0046701D /* BackendlessAuthReponseProtocol.h */ = {isa = PBXFileReference; lastKnownFileType = sourcecode.c.h; path = BackendlessAuthReponseProtocol.h; sourceTree = SOURCE_ROOT; };
		D6A4651A1C83A6AD0046701D /* MyProfileViewController.h */ = {isa = PBXFileReference; fileEncoding = 4; lastKnownFileType = sourcecode.c.h; path = MyProfileViewController.h; sourceTree = SOURCE_ROOT; };
		D6A4651B1C83A6AD0046701D /* MyProfileViewController.m */ = {isa = PBXFileReference; fileEncoding = 4; lastKnownFileType = sourcecode.c.objc; path = MyProfileViewController.m; sourceTree = SOURCE_ROOT; };
		D6A4651D1C83A7B80046701D /* Utilities.h */ = {isa = PBXFileReference; fileEncoding = 4; lastKnownFileType = sourcecode.c.h; path = Utilities.h; sourceTree = SOURCE_ROOT; };
		D6A4651E1C83A7B80046701D /* Utilities.m */ = {isa = PBXFileReference; fileEncoding = 4; lastKnownFileType = sourcecode.c.objc; path = Utilities.m; sourceTree = SOURCE_ROOT; };
/* End PBXFileReference section */

/* Begin PBXFrameworksBuildPhase section */
		7AD251551C76873000091C75 /* Frameworks */ = {
			isa = PBXFrameworksBuildPhase;
			buildActionMask = 2147483647;
			files = (
				D687C0901C7A0BB200C0B1D6 /* SystemConfiguration.framework in Frameworks */,
				4CAFBEF6F7A1D0E8BBB9489B /* libPods-LunchCast.a in Frameworks */,
			);
			runOnlyForDeploymentPostprocessing = 0;
		};
/* End PBXFrameworksBuildPhase section */

/* Begin PBXGroup section */
		0A9C61804EB915A5E486FEEC /* Pods */ = {
			isa = PBXGroup;
			children = (
				7A466D76E770EAACDCFE0460 /* Pods-LunchCast.debug.xcconfig */,
				6FE45A4C69520820192EC0C6 /* Pods-LunchCast.release.xcconfig */,
			);
			name = Pods;
			sourceTree = "<group>";
		};
		7AC6C3A21C771E0600D937E7 /* Resources */ = {
			isa = PBXGroup;
			children = (
				D69810931C8B2EC600E401AA /* Main.storyboard */,
				7AD251671C76873000091C75 /* Assets.xcassets */,
				7AD251691C76873000091C75 /* LaunchScreen.storyboard */,
			);
			name = Resources;
			sourceTree = "<group>";
		};
		7AC9E4661C832D42001BEA84 /* Backendless Model */ = {
			isa = PBXGroup;
			children = (
				7A7D04E51C88DF0F00710F16 /* DataObjects.h */,
				7A7D04D31C88DF0200710F16 /* UserSubscription.h */,
				7A7D04D41C88DF0200710F16 /* UserSubscription.m */,
				7A7D04D51C88DF0200710F16 /* Tag.h */,
				7A7D04D61C88DF0200710F16 /* Tag.m */,
				7A7D04D71C88DF0200710F16 /* OrderItem.h */,
				7A7D04D81C88DF0200710F16 /* OrderItem.m */,
				7A7D04D91C88DF0200710F16 /* Restaurant.h */,
				7A7D04DA1C88DF0200710F16 /* Restaurant.m */,
				7A7D04DB1C88DF0200710F16 /* Meal.h */,
				7A7D04DC1C88DF0200710F16 /* Meal.m */,
				7A7D04DD1C88DF0200710F16 /* Order.h */,
				7A7D04DE1C88DF0200710F16 /* Order.m */,
			);
			name = "Backendless Model";
			sourceTree = "<group>";
		};
		7ACC33511C77163A00E9D8F8 /* Views */ = {
			isa = PBXGroup;
			children = (
				7AF5DDE71D21B0CE00BD79C1 /* TextFieldWithInsets.h */,
				7AF5DDE81D21B0CE00BD79C1 /* TextFieldWithInsets.m */,
				7AC9E46E1C834716001BEA84 /* RestaurantCell.h */,
				7AC9E46F1C834716001BEA84 /* RestaurantCell.m */,
				7AF5DDED1D21B98F00BD79C1 /* CustomCollectionViewCell.h */,
				7AF5DDEE1D21B98F00BD79C1 /* CustomCollectionViewCell.m */,
				7AF3C60A1C86505600555E98 /* MenuCell.h */,
				7AF3C60B1C86505600555E98 /* MenuCell.m */,
				D687C07D1C7A05D600C0B1D6 /* CustomActivityIndicator.h */,
				D687C07E1C7A05D600C0B1D6 /* CustomActivityIndicator.m */,
				7AD251941C768E9A00091C75 /* OrdersCell.h */,
				7AD251951C768E9A00091C75 /* OrdersCell.m */,
				D61489C21C8A2215003E917D /* GroupTableViewCell.h */,
				D61489C31C8A2215003E917D /* GroupTableViewCell.m */,
			);
			name = Views;
			sourceTree = "<group>";
		};
		7ACC33521C77164E00E9D8F8 /* View Controllers */ = {
			isa = PBXGroup;
			children = (
				D687C06F1C7A053D00C0B1D6 /* SignInVC.h */,
				D687C0701C7A053D00C0B1D6 /* SignInVC.m */,
				7AD251911C76892800091C75 /* OrdersViewController.h */,
				7AD251921C76892800091C75 /* OrdersViewController.m */,
				7AD2518E1C76890E00091C75 /* HomeViewController.h */,
				7AD2518F1C76890E00091C75 /* HomeViewController.m */,
				7AD2519D1C76942B00091C75 /* MenuViewController.h */,
				7AD2519E1C76942B00091C75 /* MenuViewController.m */,
				7AD2519A1C76907F00091C75 /* OrderDetailsViewController.h */,
				7AD2519B1C76907F00091C75 /* OrderDetailsViewController.m */,
				7AC9E4681C83435B001BEA84 /* CreateOrderViewController.h */,
				7AC9E4691C83435B001BEA84 /* CreateOrderViewController.m */,
				D6A4651A1C83A6AD0046701D /* MyProfileViewController.h */,
				D6A4651B1C83A6AD0046701D /* MyProfileViewController.m */,
				7AF5DDF01D21BB3F00BD79C1 /* SubscriptionCollectionViewController.h */,
				7AF5DDF11D21BB3F00BD79C1 /* SubscriptionCollectionViewController.m */,
			);
			name = "View Controllers";
			sourceTree = "<group>";
		};
		7AD2514F1C76873000091C75 = {
			isa = PBXGroup;
			children = (
				7AD2515A1C76873000091C75 /* LunchCast */,
				D687C16D1C7A0C6200C0B1D6 /* Frameworks */,
				7AD251591C76873000091C75 /* Products */,
				0A9C61804EB915A5E486FEEC /* Pods */,
			);
			sourceTree = "<group>";
		};
		7AD251591C76873000091C75 /* Products */ = {
			isa = PBXGroup;
			children = (
				7AD251581C76873000091C75 /* LunchCast.app */,
			);
			name = Products;
			sourceTree = "<group>";
		};
		7AD2515A1C76873000091C75 /* LunchCast */ = {
			isa = PBXGroup;
			children = (
				7AC6C3A21C771E0600D937E7 /* Resources */,
				7ACC33511C77163A00E9D8F8 /* Views */,
				7ACC33521C77164E00E9D8F8 /* View Controllers */,
				D687C0781C7A059B00C0B1D6 /* Model */,
				7AD2515B1C76873000091C75 /* Supporting Files */,
			);
			name = LunchCast;
			path = "LunchCast initial";
			sourceTree = "<group>";
		};
		7AD2515B1C76873000091C75 /* Supporting Files */ = {
			isa = PBXGroup;
			children = (
				7AF5DDEA1D21B49000BD79C1 /* UIColor+NewColorAdditions.h */,
				7AF5DDEB1D21B49000BD79C1 /* UIColor+NewColorAdditions.m */,
				D687C0891C7A062500C0B1D6 /* PrefixHeader.pch */,
				D687C08A1C7A062500C0B1D6 /* ErrorCoding.h */,
				D687C08B1C7A062500C0B1D6 /* RequestCallbackProtocol.h */,
				7AD2515E1C76873000091C75 /* AppDelegate.h */,
				7AD2515F1C76873000091C75 /* AppDelegate.m */,
				7AD2516C1C76873000091C75 /* Info.plist */,
				7AD2515C1C76873000091C75 /* main.m */,
			);
			name = "Supporting Files";
			sourceTree = "<group>";
		};
		D687C0781C7A059B00C0B1D6 /* Model */ = {
			isa = PBXGroup;
			children = (
				7AC9E4661C832D42001BEA84 /* Backendless Model */,
				D687C07C1C7A05C100C0B1D6 /* Categories */,
				D687C0751C7A058D00C0B1D6 /* Validator.h */,
				D687C0761C7A058D00C0B1D6 /* Validator.m */,
				D687C0801C7A05F100C0B1D6 /* AccountData.h */,
				D687C0811C7A05F100C0B1D6 /* AccountData.m */,
				D687C0821C7A05F100C0B1D6 /* AccountManager.h */,
				D687C0831C7A05F100C0B1D6 /* AccountManager.m */,
				D687C08C1C7A064700C0B1D6 /* PushNotificationRegistrator.h */,
				D687C08D1C7A064700C0B1D6 /* PushNotificationRegistrator.m */,
				D6A465181C83488D0046701D /* BackendlessAuthReponseProtocol.h */,
				D6A4651D1C83A7B80046701D /* Utilities.h */,
				D6A4651E1C83A7B80046701D /* Utilities.m */,
			);
			name = Model;
			sourceTree = "<group>";
		};
		D687C07C1C7A05C100C0B1D6 /* Categories */ = {
			isa = PBXGroup;
			children = (
				D687C0791C7A05BB00C0B1D6 /* UIAlertController+EasyInit.h */,
				D687C07A1C7A05BB00C0B1D6 /* UIAlertController+EasyInit.m */,
			);
			name = Categories;
			sourceTree = "<group>";
		};
		D687C16D1C7A0C6200C0B1D6 /* Frameworks */ = {
			isa = PBXGroup;
			children = (
				D687C08F1C7A0BB200C0B1D6 /* SystemConfiguration.framework */,
				610331DEEB135215163AFE7B /* libPods-LunchCast.a */,
			);
			name = Frameworks;
			sourceTree = "<group>";
		};
/* End PBXGroup section */

/* Begin PBXNativeTarget section */
		7AD251571C76873000091C75 /* LunchCast */ = {
			isa = PBXNativeTarget;
			buildConfigurationList = 7AD251851C76873000091C75 /* Build configuration list for PBXNativeTarget "LunchCast" */;
			buildPhases = (
				BED5E3D3FEEB4B678F91D5AB /* [CP] Check Pods Manifest.lock */,
				7AD251541C76873000091C75 /* Sources */,
				7AD251551C76873000091C75 /* Frameworks */,
				7AD251561C76873000091C75 /* Resources */,
				17DEF6FCEEA0A0601BF8C525 /* [CP] Embed Pods Frameworks */,
				79EB142E1988A709514A6630 /* [CP] Copy Pods Resources */,
			);
			buildRules = (
			);
			dependencies = (
			);
			name = LunchCast;
			productName = "LunchCast initial";
			productReference = 7AD251581C76873000091C75 /* LunchCast.app */;
			productType = "com.apple.product-type.application";
		};
/* End PBXNativeTarget section */

/* Begin PBXProject section */
		7AD251501C76873000091C75 /* Project object */ = {
			isa = PBXProject;
			attributes = {
				LastUpgradeCheck = 0720;
				ORGANIZATIONNAME = "Aleksandra Stevović";
				TargetAttributes = {
					7AD251571C76873000091C75 = {
						CreatedOnToolsVersion = 7.2.1;
						DevelopmentTeam = TUUBAVQP9G;
						SystemCapabilities = {
							com.apple.Push = {
								enabled = 1;
							};
						};
					};
				};
			};
			buildConfigurationList = 7AD251531C76873000091C75 /* Build configuration list for PBXProject "LunchCast" */;
			compatibilityVersion = "Xcode 3.2";
			developmentRegion = English;
			hasScannedForEncodings = 0;
			knownRegions = (
				en,
				Base,
			);
			mainGroup = 7AD2514F1C76873000091C75;
			productRefGroup = 7AD251591C76873000091C75 /* Products */;
			projectDirPath = "";
			projectRoot = "";
			targets = (
				7AD251571C76873000091C75 /* LunchCast */,
			);
		};
/* End PBXProject section */

/* Begin PBXResourcesBuildPhase section */
		7AD251561C76873000091C75 /* Resources */ = {
			isa = PBXResourcesBuildPhase;
			buildActionMask = 2147483647;
			files = (
				D69810951C8B2EC600E401AA /* Main.storyboard in Resources */,
				7AD2516B1C76873000091C75 /* LaunchScreen.storyboard in Resources */,
				7AD251681C76873000091C75 /* Assets.xcassets in Resources */,
			);
			runOnlyForDeploymentPostprocessing = 0;
		};
/* End PBXResourcesBuildPhase section */

/* Begin PBXShellScriptBuildPhase section */
		17DEF6FCEEA0A0601BF8C525 /* [CP] Embed Pods Frameworks */ = {
			isa = PBXShellScriptBuildPhase;
			buildActionMask = 2147483647;
			files = (
			);
			inputPaths = (
			);
			name = "[CP] Embed Pods Frameworks";
			outputPaths = (
			);
			runOnlyForDeploymentPostprocessing = 0;
			shellPath = /bin/sh;
			shellScript = "\"${SRCROOT}/Pods/Target Support Files/Pods-LunchCast/Pods-LunchCast-frameworks.sh\"\n";
			showEnvVarsInLog = 0;
		};
		79EB142E1988A709514A6630 /* [CP] Copy Pods Resources */ = {
			isa = PBXShellScriptBuildPhase;
			buildActionMask = 2147483647;
			files = (
			);
			inputPaths = (
			);
			name = "[CP] Copy Pods Resources";
			outputPaths = (
			);
			runOnlyForDeploymentPostprocessing = 0;
			shellPath = /bin/sh;
			shellScript = "\"${SRCROOT}/Pods/Target Support Files/Pods-LunchCast/Pods-LunchCast-resources.sh\"\n";
			showEnvVarsInLog = 0;
		};
		BED5E3D3FEEB4B678F91D5AB /* [CP] Check Pods Manifest.lock */ = {
			isa = PBXShellScriptBuildPhase;
			buildActionMask = 2147483647;
			files = (
			);
			inputPaths = (
			);
			name = "[CP] Check Pods Manifest.lock";
			outputPaths = (
			);
			runOnlyForDeploymentPostprocessing = 0;
			shellPath = /bin/sh;
			shellScript = "diff \"${PODS_ROOT}/../Podfile.lock\" \"${PODS_ROOT}/Manifest.lock\" > /dev/null\nif [[ $? != 0 ]] ; then\n    cat << EOM\nerror: The sandbox is not in sync with the Podfile.lock. Run 'pod install' or update your CocoaPods installation.\nEOM\n    exit 1\nfi\n";
			showEnvVarsInLog = 0;
		};
/* End PBXShellScriptBuildPhase section */

/* Begin PBXSourcesBuildPhase section */
		7AD251541C76873000091C75 /* Sources */ = {
			isa = PBXSourcesBuildPhase;
			buildActionMask = 2147483647;
			files = (
				7A7D04E01C88DF0200710F16 /* Tag.m in Sources */,
				7AC9E4701C834716001BEA84 /* RestaurantCell.m in Sources */,
				7AF3C60C1C86505600555E98 /* MenuCell.m in Sources */,
				7AD251601C76873000091C75 /* AppDelegate.m in Sources */,
				7AF5DDEC1D21B49000BD79C1 /* UIColor+NewColorAdditions.m in Sources */,
				D687C07F1C7A05D600C0B1D6 /* CustomActivityIndicator.m in Sources */,
				D6A4651F1C83A7B80046701D /* Utilities.m in Sources */,
				7AC9E46A1C83435B001BEA84 /* CreateOrderViewController.m in Sources */,
				D687C0731C7A053D00C0B1D6 /* SignInVC.m in Sources */,
				7AF5DDEF1D21B98F00BD79C1 /* CustomCollectionViewCell.m in Sources */,
				7A7D04E41C88DF0200710F16 /* Order.m in Sources */,
				7AD2515D1C76873000091C75 /* main.m in Sources */,
				D687C0841C7A05F100C0B1D6 /* AccountData.m in Sources */,
				7AF5DDE91D21B0CE00BD79C1 /* TextFieldWithInsets.m in Sources */,
				7A7D04E31C88DF0200710F16 /* Meal.m in Sources */,
				7AD251901C76890E00091C75 /* HomeViewController.m in Sources */,
				7AD2519C1C76907F00091C75 /* OrderDetailsViewController.m in Sources */,
				D687C07B1C7A05BB00C0B1D6 /* UIAlertController+EasyInit.m in Sources */,
				7A7D04E11C88DF0200710F16 /* OrderItem.m in Sources */,
				7AD251961C768E9A00091C75 /* OrdersCell.m in Sources */,
				7A7D04E21C88DF0200710F16 /* Restaurant.m in Sources */,
				7AD2519F1C76942B00091C75 /* MenuViewController.m in Sources */,
				7AF5DDF21D21BB3F00BD79C1 /* SubscriptionCollectionViewController.m in Sources */,
				D687C0851C7A05F100C0B1D6 /* AccountManager.m in Sources */,
				D61489C41C8A2215003E917D /* GroupTableViewCell.m in Sources */,
				D687C08E1C7A064700C0B1D6 /* PushNotificationRegistrator.m in Sources */,
				7A7D04DF1C88DF0200710F16 /* UserSubscription.m in Sources */,
				D687C0771C7A058D00C0B1D6 /* Validator.m in Sources */,
				D6A4651C1C83A6AD0046701D /* MyProfileViewController.m in Sources */,
				7AD251931C76892800091C75 /* OrdersViewController.m in Sources */,
			);
			runOnlyForDeploymentPostprocessing = 0;
		};
/* End PBXSourcesBuildPhase section */

/* Begin PBXVariantGroup section */
		7AD251691C76873000091C75 /* LaunchScreen.storyboard */ = {
			isa = PBXVariantGroup;
			children = (
				7AD2516A1C76873000091C75 /* Base */,
			);
			name = LaunchScreen.storyboard;
			path = LunchCast;
			sourceTree = SOURCE_ROOT;
		};
		D69810931C8B2EC600E401AA /* Main.storyboard */ = {
			isa = PBXVariantGroup;
			children = (
				D69810941C8B2EC600E401AA /* Base */,
			);
			name = Main.storyboard;
			sourceTree = "<group>";
		};
/* End PBXVariantGroup section */

/* Begin XCBuildConfiguration section */
		7AD251831C76873000091C75 /* Debug */ = {
			isa = XCBuildConfiguration;
			buildSettings = {
				ALWAYS_SEARCH_USER_PATHS = NO;
				CLANG_CXX_LANGUAGE_STANDARD = "gnu++0x";
				CLANG_CXX_LIBRARY = "libc++";
				CLANG_ENABLE_MODULES = YES;
				CLANG_ENABLE_OBJC_ARC = YES;
				CLANG_WARN_BOOL_CONVERSION = YES;
				CLANG_WARN_CONSTANT_CONVERSION = YES;
				CLANG_WARN_DIRECT_OBJC_ISA_USAGE = YES_ERROR;
				CLANG_WARN_EMPTY_BODY = YES;
				CLANG_WARN_ENUM_CONVERSION = YES;
				CLANG_WARN_INT_CONVERSION = YES;
				CLANG_WARN_OBJC_ROOT_CLASS = YES_ERROR;
				CLANG_WARN_UNREACHABLE_CODE = YES;
				CLANG_WARN__DUPLICATE_METHOD_MATCH = YES;
				"CODE_SIGN_IDENTITY[sdk=iphoneos*]" = "iPhone Developer";
				COPY_PHASE_STRIP = NO;
				DEBUG_INFORMATION_FORMAT = dwarf;
				ENABLE_STRICT_OBJC_MSGSEND = YES;
				ENABLE_TESTABILITY = YES;
				GCC_C_LANGUAGE_STANDARD = gnu99;
				GCC_DYNAMIC_NO_PIC = NO;
				GCC_NO_COMMON_BLOCKS = YES;
				GCC_OPTIMIZATION_LEVEL = 0;
				GCC_PREPROCESSOR_DEFINITIONS = (
					"DEBUG=1",
					"$(inherited)",
				);
				GCC_WARN_64_TO_32_BIT_CONVERSION = YES;
				GCC_WARN_ABOUT_RETURN_TYPE = YES_ERROR;
				GCC_WARN_UNDECLARED_SELECTOR = YES;
				GCC_WARN_UNINITIALIZED_AUTOS = YES_AGGRESSIVE;
				GCC_WARN_UNUSED_FUNCTION = YES;
				GCC_WARN_UNUSED_VARIABLE = YES;
				IPHONEOS_DEPLOYMENT_TARGET = 9.2;
				MTL_ENABLE_DEBUG_INFO = YES;
				ONLY_ACTIVE_ARCH = YES;
				PROVISIONING_PROFILE = "892c8ce8-6e84-4adc-85ea-916faf0eb063";
				SDKROOT = iphoneos;
				TARGETED_DEVICE_FAMILY = "1,2";
			};
			name = Debug;
		};
		7AD251841C76873000091C75 /* Release */ = {
			isa = XCBuildConfiguration;
			buildSettings = {
				ALWAYS_SEARCH_USER_PATHS = NO;
				CLANG_CXX_LANGUAGE_STANDARD = "gnu++0x";
				CLANG_CXX_LIBRARY = "libc++";
				CLANG_ENABLE_MODULES = YES;
				CLANG_ENABLE_OBJC_ARC = YES;
				CLANG_WARN_BOOL_CONVERSION = YES;
				CLANG_WARN_CONSTANT_CONVERSION = YES;
				CLANG_WARN_DIRECT_OBJC_ISA_USAGE = YES_ERROR;
				CLANG_WARN_EMPTY_BODY = YES;
				CLANG_WARN_ENUM_CONVERSION = YES;
				CLANG_WARN_INT_CONVERSION = YES;
				CLANG_WARN_OBJC_ROOT_CLASS = YES_ERROR;
				CLANG_WARN_UNREACHABLE_CODE = YES;
				CLANG_WARN__DUPLICATE_METHOD_MATCH = YES;
				"CODE_SIGN_IDENTITY[sdk=iphoneos*]" = "iPhone Developer";
				COPY_PHASE_STRIP = NO;
				DEBUG_INFORMATION_FORMAT = "dwarf-with-dsym";
				ENABLE_NS_ASSERTIONS = NO;
				ENABLE_STRICT_OBJC_MSGSEND = YES;
				GCC_C_LANGUAGE_STANDARD = gnu99;
				GCC_NO_COMMON_BLOCKS = YES;
				GCC_WARN_64_TO_32_BIT_CONVERSION = YES;
				GCC_WARN_ABOUT_RETURN_TYPE = YES_ERROR;
				GCC_WARN_UNDECLARED_SELECTOR = YES;
				GCC_WARN_UNINITIALIZED_AUTOS = YES_AGGRESSIVE;
				GCC_WARN_UNUSED_FUNCTION = YES;
				GCC_WARN_UNUSED_VARIABLE = YES;
				IPHONEOS_DEPLOYMENT_TARGET = 9.2;
				MTL_ENABLE_DEBUG_INFO = NO;
				PROVISIONING_PROFILE = "892c8ce8-6e84-4adc-85ea-916faf0eb063";
				SDKROOT = iphoneos;
				TARGETED_DEVICE_FAMILY = "1,2";
				VALIDATE_PRODUCT = YES;
			};
			name = Release;
		};
		7AD251861C76873000091C75 /* Debug */ = {
			isa = XCBuildConfiguration;
			baseConfigurationReference = 7A466D76E770EAACDCFE0460 /* Pods-LunchCast.debug.xcconfig */;
			buildSettings = {
				ASSETCATALOG_COMPILER_APPICON_NAME = AppIcon;
				CODE_SIGN_IDENTITY = "iPhone Developer";
				GCC_PRECOMPILE_PREFIX_HEADER = YES;
				GCC_PREFIX_HEADER = PrefixHeader.pch;
				INFOPLIST_FILE = "$(SRCROOT)/LunchCast/Info.plist";
				IPHONEOS_DEPLOYMENT_TARGET = 8.1;
				LD_RUNPATH_SEARCH_PATHS = "$(inherited) @executable_path/Frameworks";
				LIBRARY_SEARCH_PATHS = (
					"$(inherited)",
					"$(PROJECT_DIR)/lib/backendless",
					"$(PROJECT_DIR)/lib/CommLibiOS",
					"$(PROJECT_DIR)/lib/libav-11.4/lib",
					"$(PROJECT_DIR)/lib/MediaLibiOS3x",
					"$(PROJECT_DIR)/lib/speex-1.2rc2/lib",
					"$(PROJECT_DIR)/lib",
					"$(PROJECT_DIR)/lib/x264/lib",
				);
				PRODUCT_BUNDLE_IDENTIFIER = rs.pstech.LunchCast;
				PRODUCT_NAME = LunchCast;
				PROVISIONING_PROFILE = "93bed7dd-44d1-421a-9b5f-7af4e8286a8f";
			};
			name = Debug;
		};
		7AD251871C76873000091C75 /* Release */ = {
			isa = XCBuildConfiguration;
			baseConfigurationReference = 6FE45A4C69520820192EC0C6 /* Pods-LunchCast.release.xcconfig */;
			buildSettings = {
				ASSETCATALOG_COMPILER_APPICON_NAME = AppIcon;
				CODE_SIGN_IDENTITY = "iPhone Developer";
				GCC_PRECOMPILE_PREFIX_HEADER = YES;
				GCC_PREFIX_HEADER = PrefixHeader.pch;
				INFOPLIST_FILE = "$(SRCROOT)/LunchCast/Info.plist";
				IPHONEOS_DEPLOYMENT_TARGET = 8.1;
				LD_RUNPATH_SEARCH_PATHS = "$(inherited) @executable_path/Frameworks";
				LIBRARY_SEARCH_PATHS = (
					"$(inherited)",
					"$(PROJECT_DIR)/lib/backendless",
					"$(PROJECT_DIR)/lib/CommLibiOS",
					"$(PROJECT_DIR)/lib/libav-11.4/lib",
					"$(PROJECT_DIR)/lib/MediaLibiOS3x",
					"$(PROJECT_DIR)/lib/speex-1.2rc2/lib",
					"$(PROJECT_DIR)/lib",
					"$(PROJECT_DIR)/lib/x264/lib",
				);
				PRODUCT_BUNDLE_IDENTIFIER = rs.pstech.LunchCast;
				PRODUCT_NAME = LunchCast;
				PROVISIONING_PROFILE = "93bed7dd-44d1-421a-9b5f-7af4e8286a8f";
			};
			name = Release;
		};
/* End XCBuildConfiguration section */

/* Begin XCConfigurationList section */
		7AD251531C76873000091C75 /* Build configuration list for PBXProject "LunchCast" */ = {
			isa = XCConfigurationList;
			buildConfigurations = (
				7AD251831C76873000091C75 /* Debug */,
				7AD251841C76873000091C75 /* Release */,
			);
			defaultConfigurationIsVisible = 0;
			defaultConfigurationName = Release;
		};
		7AD251851C76873000091C75 /* Build configuration list for PBXNativeTarget "LunchCast" */ = {
			isa = XCConfigurationList;
			buildConfigurations = (
				7AD251861C76873000091C75 /* Debug */,
				7AD251871C76873000091C75 /* Release */,
			);
			defaultConfigurationIsVisible = 0;
			defaultConfigurationName = Release;
		};
/* End XCConfigurationList section */
	};
	rootObject = 7AD251501C76873000091C75 /* Project object */;
}
