// !$*UTF8*$!
{
	archiveVersion = 1;
	classes = {
	};
	objectVersion = 46;
	objects = {

/* Begin PBXBuildFile section */
		7A7D04DF1C88DF0200710F16 /* UserSubscription.m in Sources */ = {isa = PBXBuildFile; fileRef = 7A7D04D41C88DF0200710F16 /* UserSubscription.m */; };
		7A7D04E01C88DF0200710F16 /* Tag.m in Sources */ = {isa = PBXBuildFile; fileRef = 7A7D04D61C88DF0200710F16 /* Tag.m */; };
		7A7D04E11C88DF0200710F16 /* OrderItem.m in Sources */ = {isa = PBXBuildFile; fileRef = 7A7D04D81C88DF0200710F16 /* OrderItem.m */; };
		7A7D04E21C88DF0200710F16 /* Restaurant.m in Sources */ = {isa = PBXBuildFile; fileRef = 7A7D04DA1C88DF0200710F16 /* Restaurant.m */; };
		7A7D04E31C88DF0200710F16 /* Meal.m in Sources */ = {isa = PBXBuildFile; fileRef = 7A7D04DC1C88DF0200710F16 /* Meal.m */; };
		7A7D04E41C88DF0200710F16 /* Order.m in Sources */ = {isa = PBXBuildFile; fileRef = 7A7D04DE1C88DF0200710F16 /* Order.m */; };
		7AC9E46A1C83435B001BEA84 /* CreateOrderViewController.m in Sources */ = {isa = PBXBuildFile; fileRef = 7AC9E4691C83435B001BEA84 /* CreateOrderViewController.m */; };
		7AC9E4701C834716001BEA84 /* RestaurantCell.m in Sources */ = {isa = PBXBuildFile; fileRef = 7AC9E46F1C834716001BEA84 /* RestaurantCell.m */; };
		7AD2515D1C76873000091C75 /* main.m in Sources */ = {isa = PBXBuildFile; fileRef = 7AD2515C1C76873000091C75 /* main.m */; };
		7AD251601C76873000091C75 /* AppDelegate.m in Sources */ = {isa = PBXBuildFile; fileRef = 7AD2515F1C76873000091C75 /* AppDelegate.m */; };
		7AD251681C76873000091C75 /* Assets.xcassets in Resources */ = {isa = PBXBuildFile; fileRef = 7AD251671C76873000091C75 /* Assets.xcassets */; };
		7AD2516B1C76873000091C75 /* LaunchScreen.storyboard in Resources */ = {isa = PBXBuildFile; fileRef = 7AD251691C76873000091C75 /* LaunchScreen.storyboard */; };
		7AD251901C76890E00091C75 /* HomeViewController.m in Sources */ = {isa = PBXBuildFile; fileRef = 7AD2518F1C76890E00091C75 /* HomeViewController.m */; };
		7AD251931C76892800091C75 /* OrdersViewController.m in Sources */ = {isa = PBXBuildFile; fileRef = 7AD251921C76892800091C75 /* OrdersViewController.m */; };
		7AD251961C768E9A00091C75 /* OrdersCell.m in Sources */ = {isa = PBXBuildFile; fileRef = 7AD251951C768E9A00091C75 /* OrdersCell.m */; };
		7AD2519C1C76907F00091C75 /* OrderDetailsViewController.m in Sources */ = {isa = PBXBuildFile; fileRef = 7AD2519B1C76907F00091C75 /* OrderDetailsViewController.m */; };
		7AD2519F1C76942B00091C75 /* MenuViewController.m in Sources */ = {isa = PBXBuildFile; fileRef = 7AD2519E1C76942B00091C75 /* MenuViewController.m */; };
		7AF3C60C1C86505600555E98 /* MenuCell.m in Sources */ = {isa = PBXBuildFile; fileRef = 7AF3C60B1C86505600555E98 /* MenuCell.m */; };
		7AF5DDE91D21B0CE00BD79C1 /* TextFieldWithInsets.m in Sources */ = {isa = PBXBuildFile; fileRef = 7AF5DDE81D21B0CE00BD79C1 /* TextFieldWithInsets.m */; };
		7AF5DDEC1D21B49000BD79C1 /* UIColor+NewColorAdditions.m in Sources */ = {isa = PBXBuildFile; fileRef = 7AF5DDEB1D21B49000BD79C1 /* UIColor+NewColorAdditions.m */; };
		7AF5DDEF1D21B98F00BD79C1 /* CustomCollectionViewCell.m in Sources */ = {isa = PBXBuildFile; fileRef = 7AF5DDEE1D21B98F00BD79C1 /* CustomCollectionViewCell.m */; };
		7AF5DDF21D21BB3F00BD79C1 /* SubscriptionCollectionViewController.m in Sources */ = {isa = PBXBuildFile; fileRef = 7AF5DDF11D21BB3F00BD79C1 /* SubscriptionCollectionViewController.m */; };
		D61489C11C88D3C0003E917D /* SubscriptionsTableViewController.m in Sources */ = {isa = PBXBuildFile; fileRef = D61489C01C88D3C0003E917D /* SubscriptionsTableViewController.m */; };
		D61489C41C8A2215003E917D /* GroupTableViewCell.m in Sources */ = {isa = PBXBuildFile; fileRef = D61489C31C8A2215003E917D /* GroupTableViewCell.m */; };
		D687C0731C7A053D00C0B1D6 /* SignInVC.m in Sources */ = {isa = PBXBuildFile; fileRef = D687C0701C7A053D00C0B1D6 /* SignInVC.m */; };
		D687C0771C7A058D00C0B1D6 /* Validator.m in Sources */ = {isa = PBXBuildFile; fileRef = D687C0761C7A058D00C0B1D6 /* Validator.m */; };
		D687C07B1C7A05BB00C0B1D6 /* UIAlertController+EasyInit.m in Sources */ = {isa = PBXBuildFile; fileRef = D687C07A1C7A05BB00C0B1D6 /* UIAlertController+EasyInit.m */; };
		D687C07F1C7A05D600C0B1D6 /* CustomActivityIndicator.m in Sources */ = {isa = PBXBuildFile; fileRef = D687C07E1C7A05D600C0B1D6 /* CustomActivityIndicator.m */; };
		D687C0841C7A05F100C0B1D6 /* AccountData.m in Sources */ = {isa = PBXBuildFile; fileRef = D687C0811C7A05F100C0B1D6 /* AccountData.m */; };
		D687C0851C7A05F100C0B1D6 /* AccountManager.m in Sources */ = {isa = PBXBuildFile; fileRef = D687C0831C7A05F100C0B1D6 /* AccountManager.m */; };
		D687C08E1C7A064700C0B1D6 /* PushNotificationRegistrator.m in Sources */ = {isa = PBXBuildFile; fileRef = D687C08D1C7A064700C0B1D6 /* PushNotificationRegistrator.m */; };
		D687C0901C7A0BB200C0B1D6 /* SystemConfiguration.framework in Frameworks */ = {isa = PBXBuildFile; fileRef = D687C08F1C7A0BB200C0B1D6 /* SystemConfiguration.framework */; };
		D687C0921C7A0BBA00C0B1D6 /* libsqlite3.tbd in Frameworks */ = {isa = PBXBuildFile; fileRef = D687C0911C7A0BBA00C0B1D6 /* libsqlite3.tbd */; };
		D687C0941C7A0BBF00C0B1D6 /* libz.tbd in Frameworks */ = {isa = PBXBuildFile; fileRef = D687C0931C7A0BBF00C0B1D6 /* libz.tbd */; };
		D687C1621C7A0BE600C0B1D6 /* backendless.a in Frameworks */ = {isa = PBXBuildFile; fileRef = D687C0971C7A0BE600C0B1D6 /* backendless.a */; };
		D687C1631C7A0BE600C0B1D6 /* CommLibiOS.a in Frameworks */ = {isa = PBXBuildFile; fileRef = D687C0DB1C7A0BE600C0B1D6 /* CommLibiOS.a */; };
		D687C1641C7A0BE600C0B1D6 /* libavcodec.a in Frameworks */ = {isa = PBXBuildFile; fileRef = D687C1421C7A0BE600C0B1D6 /* libavcodec.a */; };
		D687C1651C7A0BE600C0B1D6 /* libavdevice.a in Frameworks */ = {isa = PBXBuildFile; fileRef = D687C1431C7A0BE600C0B1D6 /* libavdevice.a */; };
		D687C1661C7A0BE600C0B1D6 /* libavfilter.a in Frameworks */ = {isa = PBXBuildFile; fileRef = D687C1441C7A0BE600C0B1D6 /* libavfilter.a */; };
		D687C1671C7A0BE600C0B1D6 /* libavformat.a in Frameworks */ = {isa = PBXBuildFile; fileRef = D687C1451C7A0BE600C0B1D6 /* libavformat.a */; };
		D687C1681C7A0BE600C0B1D6 /* libavutil.a in Frameworks */ = {isa = PBXBuildFile; fileRef = D687C1461C7A0BE600C0B1D6 /* libavutil.a */; };
		D687C1691C7A0BE600C0B1D6 /* libswscale.a in Frameworks */ = {isa = PBXBuildFile; fileRef = D687C1471C7A0BE600C0B1D6 /* libswscale.a */; };
		D687C16A1C7A0BE600C0B1D6 /* MediaLibiOS.a in Frameworks */ = {isa = PBXBuildFile; fileRef = D687C1501C7A0BE600C0B1D6 /* MediaLibiOS.a */; };
		D687C16B1C7A0BE600C0B1D6 /* libspeex.a in Frameworks */ = {isa = PBXBuildFile; fileRef = D687C15B1C7A0BE600C0B1D6 /* libspeex.a */; };
		D687C16C1C7A0BE600C0B1D6 /* libx264.a in Frameworks */ = {isa = PBXBuildFile; fileRef = D687C1611C7A0BE600C0B1D6 /* libx264.a */; };
		D69810951C8B2EC600E401AA /* Main.storyboard in Resources */ = {isa = PBXBuildFile; fileRef = D69810931C8B2EC600E401AA /* Main.storyboard */; };
		D6A4651C1C83A6AD0046701D /* MyProfileViewController.m in Sources */ = {isa = PBXBuildFile; fileRef = D6A4651B1C83A6AD0046701D /* MyProfileViewController.m */; };
		D6A4651F1C83A7B80046701D /* Utilities.m in Sources */ = {isa = PBXBuildFile; fileRef = D6A4651E1C83A7B80046701D /* Utilities.m */; };
/* End PBXBuildFile section */

/* Begin PBXFileReference section */
		7A7D04D31C88DF0200710F16 /* UserSubscription.h */ = {isa = PBXFileReference; fileEncoding = 4; lastKnownFileType = sourcecode.c.h; path = UserSubscription.h; sourceTree = SOURCE_ROOT; };
		7A7D04D41C88DF0200710F16 /* UserSubscription.m */ = {isa = PBXFileReference; fileEncoding = 4; lastKnownFileType = sourcecode.c.objc; path = UserSubscription.m; sourceTree = SOURCE_ROOT; };
		7A7D04D51C88DF0200710F16 /* Tag.h */ = {isa = PBXFileReference; fileEncoding = 4; lastKnownFileType = sourcecode.c.h; path = Tag.h; sourceTree = SOURCE_ROOT; };
		7A7D04D61C88DF0200710F16 /* Tag.m */ = {isa = PBXFileReference; fileEncoding = 4; lastKnownFileType = sourcecode.c.objc; path = Tag.m; sourceTree = SOURCE_ROOT; };
		7A7D04D71C88DF0200710F16 /* OrderItem.h */ = {isa = PBXFileReference; fileEncoding = 4; lastKnownFileType = sourcecode.c.h; path = OrderItem.h; sourceTree = SOURCE_ROOT; };
		7A7D04D81C88DF0200710F16 /* OrderItem.m */ = {isa = PBXFileReference; fileEncoding = 4; lastKnownFileType = sourcecode.c.objc; path = OrderItem.m; sourceTree = SOURCE_ROOT; };
		7A7D04D91C88DF0200710F16 /* Restaurant.h */ = {isa = PBXFileReference; fileEncoding = 4; lastKnownFileType = sourcecode.c.h; path = Restaurant.h; sourceTree = SOURCE_ROOT; };
		7A7D04DA1C88DF0200710F16 /* Restaurant.m */ = {isa = PBXFileReference; fileEncoding = 4; lastKnownFileType = sourcecode.c.objc; path = Restaurant.m; sourceTree = SOURCE_ROOT; };
		7A7D04DB1C88DF0200710F16 /* Meal.h */ = {isa = PBXFileReference; fileEncoding = 4; lastKnownFileType = sourcecode.c.h; path = Meal.h; sourceTree = SOURCE_ROOT; };
		7A7D04DC1C88DF0200710F16 /* Meal.m */ = {isa = PBXFileReference; fileEncoding = 4; lastKnownFileType = sourcecode.c.objc; path = Meal.m; sourceTree = SOURCE_ROOT; };
		7A7D04DD1C88DF0200710F16 /* Order.h */ = {isa = PBXFileReference; fileEncoding = 4; lastKnownFileType = sourcecode.c.h; path = Order.h; sourceTree = SOURCE_ROOT; };
		7A7D04DE1C88DF0200710F16 /* Order.m */ = {isa = PBXFileReference; fileEncoding = 4; lastKnownFileType = sourcecode.c.objc; path = Order.m; sourceTree = SOURCE_ROOT; };
		7A7D04E51C88DF0F00710F16 /* DataObjects.h */ = {isa = PBXFileReference; lastKnownFileType = sourcecode.c.h; path = DataObjects.h; sourceTree = SOURCE_ROOT; };
		7AC9E4681C83435B001BEA84 /* CreateOrderViewController.h */ = {isa = PBXFileReference; fileEncoding = 4; lastKnownFileType = sourcecode.c.h; path = CreateOrderViewController.h; sourceTree = SOURCE_ROOT; };
		7AC9E4691C83435B001BEA84 /* CreateOrderViewController.m */ = {isa = PBXFileReference; fileEncoding = 4; lastKnownFileType = sourcecode.c.objc; path = CreateOrderViewController.m; sourceTree = SOURCE_ROOT; };
		7AC9E46E1C834716001BEA84 /* RestaurantCell.h */ = {isa = PBXFileReference; fileEncoding = 4; lastKnownFileType = sourcecode.c.h; path = RestaurantCell.h; sourceTree = SOURCE_ROOT; };
		7AC9E46F1C834716001BEA84 /* RestaurantCell.m */ = {isa = PBXFileReference; fileEncoding = 4; lastKnownFileType = sourcecode.c.objc; path = RestaurantCell.m; sourceTree = SOURCE_ROOT; };
		7AD251581C76873000091C75 /* LunchCast.app */ = {isa = PBXFileReference; explicitFileType = wrapper.application; includeInIndex = 0; path = LunchCast.app; sourceTree = BUILT_PRODUCTS_DIR; };
		7AD2515C1C76873000091C75 /* main.m */ = {isa = PBXFileReference; lastKnownFileType = sourcecode.c.objc; name = main.m; path = LunchCast/main.m; sourceTree = SOURCE_ROOT; };
		7AD2515E1C76873000091C75 /* AppDelegate.h */ = {isa = PBXFileReference; lastKnownFileType = sourcecode.c.h; name = AppDelegate.h; path = LunchCast/AppDelegate.h; sourceTree = SOURCE_ROOT; };
		7AD2515F1C76873000091C75 /* AppDelegate.m */ = {isa = PBXFileReference; lastKnownFileType = sourcecode.c.objc; name = AppDelegate.m; path = LunchCast/AppDelegate.m; sourceTree = SOURCE_ROOT; };
		7AD251671C76873000091C75 /* Assets.xcassets */ = {isa = PBXFileReference; lastKnownFileType = folder.assetcatalog; name = Assets.xcassets; path = LunchCast/Assets.xcassets; sourceTree = SOURCE_ROOT; };
		7AD2516A1C76873000091C75 /* Base */ = {isa = PBXFileReference; lastKnownFileType = file.storyboard; name = Base; path = Base.lproj/LaunchScreen.storyboard; sourceTree = "<group>"; };
		7AD2516C1C76873000091C75 /* Info.plist */ = {isa = PBXFileReference; lastKnownFileType = text.plist.xml; name = Info.plist; path = LunchCast/Info.plist; sourceTree = SOURCE_ROOT; };
		7AD2518E1C76890E00091C75 /* HomeViewController.h */ = {isa = PBXFileReference; fileEncoding = 4; lastKnownFileType = sourcecode.c.h; path = HomeViewController.h; sourceTree = SOURCE_ROOT; };
		7AD2518F1C76890E00091C75 /* HomeViewController.m */ = {isa = PBXFileReference; fileEncoding = 4; lastKnownFileType = sourcecode.c.objc; path = HomeViewController.m; sourceTree = SOURCE_ROOT; };
		7AD251911C76892800091C75 /* OrdersViewController.h */ = {isa = PBXFileReference; fileEncoding = 4; lastKnownFileType = sourcecode.c.h; name = OrdersViewController.h; path = LunchCast/OrdersViewController.h; sourceTree = SOURCE_ROOT; };
		7AD251921C76892800091C75 /* OrdersViewController.m */ = {isa = PBXFileReference; fileEncoding = 4; lastKnownFileType = sourcecode.c.objc; name = OrdersViewController.m; path = LunchCast/OrdersViewController.m; sourceTree = SOURCE_ROOT; };
		7AD251941C768E9A00091C75 /* OrdersCell.h */ = {isa = PBXFileReference; fileEncoding = 4; lastKnownFileType = sourcecode.c.h; name = OrdersCell.h; path = LunchCast/OrdersCell.h; sourceTree = SOURCE_ROOT; };
		7AD251951C768E9A00091C75 /* OrdersCell.m */ = {isa = PBXFileReference; fileEncoding = 4; lastKnownFileType = sourcecode.c.objc; name = OrdersCell.m; path = LunchCast/OrdersCell.m; sourceTree = SOURCE_ROOT; };
		7AD2519A1C76907F00091C75 /* OrderDetailsViewController.h */ = {isa = PBXFileReference; fileEncoding = 4; lastKnownFileType = sourcecode.c.h; name = OrderDetailsViewController.h; path = LunchCast/OrderDetailsViewController.h; sourceTree = SOURCE_ROOT; };
		7AD2519B1C76907F00091C75 /* OrderDetailsViewController.m */ = {isa = PBXFileReference; fileEncoding = 4; lastKnownFileType = sourcecode.c.objc; name = OrderDetailsViewController.m; path = LunchCast/OrderDetailsViewController.m; sourceTree = SOURCE_ROOT; };
		7AD2519D1C76942B00091C75 /* MenuViewController.h */ = {isa = PBXFileReference; fileEncoding = 4; lastKnownFileType = sourcecode.c.h; name = MenuViewController.h; path = LunchCast/MenuViewController.h; sourceTree = SOURCE_ROOT; };
		7AD2519E1C76942B00091C75 /* MenuViewController.m */ = {isa = PBXFileReference; fileEncoding = 4; lastKnownFileType = sourcecode.c.objc; name = MenuViewController.m; path = LunchCast/MenuViewController.m; sourceTree = SOURCE_ROOT; };
		7AF3C60A1C86505600555E98 /* MenuCell.h */ = {isa = PBXFileReference; fileEncoding = 4; lastKnownFileType = sourcecode.c.h; path = MenuCell.h; sourceTree = SOURCE_ROOT; };
		7AF3C60B1C86505600555E98 /* MenuCell.m */ = {isa = PBXFileReference; fileEncoding = 4; lastKnownFileType = sourcecode.c.objc; path = MenuCell.m; sourceTree = SOURCE_ROOT; };
		7AF5DDE71D21B0CE00BD79C1 /* TextFieldWithInsets.h */ = {isa = PBXFileReference; fileEncoding = 4; lastKnownFileType = sourcecode.c.h; path = TextFieldWithInsets.h; sourceTree = SOURCE_ROOT; };
		7AF5DDE81D21B0CE00BD79C1 /* TextFieldWithInsets.m */ = {isa = PBXFileReference; fileEncoding = 4; lastKnownFileType = sourcecode.c.objc; path = TextFieldWithInsets.m; sourceTree = SOURCE_ROOT; };
		7AF5DDEA1D21B49000BD79C1 /* UIColor+NewColorAdditions.h */ = {isa = PBXFileReference; fileEncoding = 4; lastKnownFileType = sourcecode.c.h; path = "UIColor+NewColorAdditions.h"; sourceTree = SOURCE_ROOT; };
		7AF5DDEB1D21B49000BD79C1 /* UIColor+NewColorAdditions.m */ = {isa = PBXFileReference; fileEncoding = 4; lastKnownFileType = sourcecode.c.objc; path = "UIColor+NewColorAdditions.m"; sourceTree = SOURCE_ROOT; };
		7AF5DDED1D21B98F00BD79C1 /* CustomCollectionViewCell.h */ = {isa = PBXFileReference; fileEncoding = 4; lastKnownFileType = sourcecode.c.h; path = CustomCollectionViewCell.h; sourceTree = SOURCE_ROOT; };
		7AF5DDEE1D21B98F00BD79C1 /* CustomCollectionViewCell.m */ = {isa = PBXFileReference; fileEncoding = 4; lastKnownFileType = sourcecode.c.objc; path = CustomCollectionViewCell.m; sourceTree = SOURCE_ROOT; };
		7AF5DDF01D21BB3F00BD79C1 /* SubscriptionCollectionViewController.h */ = {isa = PBXFileReference; fileEncoding = 4; lastKnownFileType = sourcecode.c.h; path = SubscriptionCollectionViewController.h; sourceTree = SOURCE_ROOT; };
		7AF5DDF11D21BB3F00BD79C1 /* SubscriptionCollectionViewController.m */ = {isa = PBXFileReference; fileEncoding = 4; lastKnownFileType = sourcecode.c.objc; path = SubscriptionCollectionViewController.m; sourceTree = SOURCE_ROOT; };
		D61489BF1C88D3C0003E917D /* SubscriptionsTableViewController.h */ = {isa = PBXFileReference; fileEncoding = 4; lastKnownFileType = sourcecode.c.h; path = SubscriptionsTableViewController.h; sourceTree = SOURCE_ROOT; };
		D61489C01C88D3C0003E917D /* SubscriptionsTableViewController.m */ = {isa = PBXFileReference; fileEncoding = 4; lastKnownFileType = sourcecode.c.objc; path = SubscriptionsTableViewController.m; sourceTree = SOURCE_ROOT; };
		D61489C21C8A2215003E917D /* GroupTableViewCell.h */ = {isa = PBXFileReference; fileEncoding = 4; lastKnownFileType = sourcecode.c.h; path = GroupTableViewCell.h; sourceTree = SOURCE_ROOT; };
		D61489C31C8A2215003E917D /* GroupTableViewCell.m */ = {isa = PBXFileReference; fileEncoding = 4; lastKnownFileType = sourcecode.c.objc; path = GroupTableViewCell.m; sourceTree = SOURCE_ROOT; };
		D687C06F1C7A053D00C0B1D6 /* SignInVC.h */ = {isa = PBXFileReference; fileEncoding = 4; lastKnownFileType = sourcecode.c.h; path = SignInVC.h; sourceTree = SOURCE_ROOT; };
		D687C0701C7A053D00C0B1D6 /* SignInVC.m */ = {isa = PBXFileReference; fileEncoding = 4; lastKnownFileType = sourcecode.c.objc; path = SignInVC.m; sourceTree = SOURCE_ROOT; };
		D687C0751C7A058D00C0B1D6 /* Validator.h */ = {isa = PBXFileReference; fileEncoding = 4; lastKnownFileType = sourcecode.c.h; path = Validator.h; sourceTree = SOURCE_ROOT; };
		D687C0761C7A058D00C0B1D6 /* Validator.m */ = {isa = PBXFileReference; fileEncoding = 4; lastKnownFileType = sourcecode.c.objc; path = Validator.m; sourceTree = SOURCE_ROOT; };
		D687C0791C7A05BB00C0B1D6 /* UIAlertController+EasyInit.h */ = {isa = PBXFileReference; fileEncoding = 4; lastKnownFileType = sourcecode.c.h; path = "UIAlertController+EasyInit.h"; sourceTree = SOURCE_ROOT; };
		D687C07A1C7A05BB00C0B1D6 /* UIAlertController+EasyInit.m */ = {isa = PBXFileReference; fileEncoding = 4; lastKnownFileType = sourcecode.c.objc; path = "UIAlertController+EasyInit.m"; sourceTree = SOURCE_ROOT; };
		D687C07D1C7A05D600C0B1D6 /* CustomActivityIndicator.h */ = {isa = PBXFileReference; fileEncoding = 4; lastKnownFileType = sourcecode.c.h; path = CustomActivityIndicator.h; sourceTree = SOURCE_ROOT; };
		D687C07E1C7A05D600C0B1D6 /* CustomActivityIndicator.m */ = {isa = PBXFileReference; fileEncoding = 4; lastKnownFileType = sourcecode.c.objc; path = CustomActivityIndicator.m; sourceTree = SOURCE_ROOT; };
		D687C0801C7A05F100C0B1D6 /* AccountData.h */ = {isa = PBXFileReference; fileEncoding = 4; lastKnownFileType = sourcecode.c.h; path = AccountData.h; sourceTree = SOURCE_ROOT; };
		D687C0811C7A05F100C0B1D6 /* AccountData.m */ = {isa = PBXFileReference; fileEncoding = 4; lastKnownFileType = sourcecode.c.objc; path = AccountData.m; sourceTree = SOURCE_ROOT; };
		D687C0821C7A05F100C0B1D6 /* AccountManager.h */ = {isa = PBXFileReference; fileEncoding = 4; lastKnownFileType = sourcecode.c.h; path = AccountManager.h; sourceTree = SOURCE_ROOT; };
		D687C0831C7A05F100C0B1D6 /* AccountManager.m */ = {isa = PBXFileReference; fileEncoding = 4; lastKnownFileType = sourcecode.c.objc; path = AccountManager.m; sourceTree = SOURCE_ROOT; };
		D687C0891C7A062500C0B1D6 /* PrefixHeader.pch */ = {isa = PBXFileReference; lastKnownFileType = sourcecode.c.h; path = PrefixHeader.pch; sourceTree = SOURCE_ROOT; };
		D687C08A1C7A062500C0B1D6 /* ErrorCoding.h */ = {isa = PBXFileReference; lastKnownFileType = sourcecode.c.h; path = ErrorCoding.h; sourceTree = SOURCE_ROOT; };
		D687C08B1C7A062500C0B1D6 /* RequestCallbackProtocol.h */ = {isa = PBXFileReference; lastKnownFileType = sourcecode.c.h; path = RequestCallbackProtocol.h; sourceTree = SOURCE_ROOT; };
		D687C08C1C7A064700C0B1D6 /* PushNotificationRegistrator.h */ = {isa = PBXFileReference; fileEncoding = 4; lastKnownFileType = sourcecode.c.h; path = PushNotificationRegistrator.h; sourceTree = SOURCE_ROOT; };
		D687C08D1C7A064700C0B1D6 /* PushNotificationRegistrator.m */ = {isa = PBXFileReference; fileEncoding = 4; lastKnownFileType = sourcecode.c.objc; path = PushNotificationRegistrator.m; sourceTree = SOURCE_ROOT; };
		D687C08F1C7A0BB200C0B1D6 /* SystemConfiguration.framework */ = {isa = PBXFileReference; lastKnownFileType = wrapper.framework; name = SystemConfiguration.framework; path = System/Library/Frameworks/SystemConfiguration.framework; sourceTree = SDKROOT; };
		D687C0911C7A0BBA00C0B1D6 /* libsqlite3.tbd */ = {isa = PBXFileReference; lastKnownFileType = "sourcecode.text-based-dylib-definition"; name = libsqlite3.tbd; path = usr/lib/libsqlite3.tbd; sourceTree = SDKROOT; };
		D687C0931C7A0BBF00C0B1D6 /* libz.tbd */ = {isa = PBXFileReference; lastKnownFileType = "sourcecode.text-based-dylib-definition"; name = libz.tbd; path = usr/lib/libz.tbd; sourceTree = SDKROOT; };
		D687C0971C7A0BE600C0B1D6 /* backendless.a */ = {isa = PBXFileReference; lastKnownFileType = archive.ar; path = backendless.a; sourceTree = "<group>"; };
		D687C0991C7A0BE600C0B1D6 /* AbstractProperty.h */ = {isa = PBXFileReference; fileEncoding = 4; lastKnownFileType = sourcecode.c.h; path = AbstractProperty.h; sourceTree = "<group>"; };
		D687C09A1C7A0BE600C0B1D6 /* AbstractQuery.h */ = {isa = PBXFileReference; fileEncoding = 4; lastKnownFileType = sourcecode.c.h; path = AbstractQuery.h; sourceTree = "<group>"; };
		D687C09B1C7A0BE600C0B1D6 /* AtomicCounters.h */ = {isa = PBXFileReference; fileEncoding = 4; lastKnownFileType = sourcecode.c.h; path = AtomicCounters.h; sourceTree = "<group>"; };
		D687C09C1C7A0BE600C0B1D6 /* AtomicCountersFactory.h */ = {isa = PBXFileReference; fileEncoding = 4; lastKnownFileType = sourcecode.c.h; path = AtomicCountersFactory.h; sourceTree = "<group>"; };
		D687C09D1C7A0BE600C0B1D6 /* Backendless-Bridging-Header.h */ = {isa = PBXFileReference; fileEncoding = 4; lastKnownFileType = sourcecode.c.h; path = "Backendless-Bridging-Header.h"; sourceTree = "<group>"; };
		D687C09E1C7A0BE600C0B1D6 /* Backendless-With-Media-Bridging-Header.h */ = {isa = PBXFileReference; fileEncoding = 4; lastKnownFileType = sourcecode.c.h; path = "Backendless-With-Media-Bridging-Header.h"; sourceTree = "<group>"; };
		D687C09F1C7A0BE600C0B1D6 /* Backendless.h */ = {isa = PBXFileReference; fileEncoding = 4; lastKnownFileType = sourcecode.c.h; path = Backendless.h; sourceTree = "<group>"; };
		D687C0A01C7A0BE600C0B1D6 /* BackendlessBeacon.h */ = {isa = PBXFileReference; fileEncoding = 4; lastKnownFileType = sourcecode.c.h; path = BackendlessBeacon.h; sourceTree = "<group>"; };
		D687C0A11C7A0BE600C0B1D6 /* BackendlessCachePolicy.h */ = {isa = PBXFileReference; fileEncoding = 4; lastKnownFileType = sourcecode.c.h; path = BackendlessCachePolicy.h; sourceTree = "<group>"; };
		D687C0A21C7A0BE600C0B1D6 /* BackendlessCacheProtocol.h */ = {isa = PBXFileReference; fileEncoding = 4; lastKnownFileType = sourcecode.c.h; path = BackendlessCacheProtocol.h; sourceTree = "<group>"; };
		D687C0A31C7A0BE600C0B1D6 /* BackendlessCollection.h */ = {isa = PBXFileReference; fileEncoding = 4; lastKnownFileType = sourcecode.c.h; path = BackendlessCollection.h; sourceTree = "<group>"; };
		D687C0A41C7A0BE600C0B1D6 /* BackendlessDataQuery.h */ = {isa = PBXFileReference; fileEncoding = 4; lastKnownFileType = sourcecode.c.h; path = BackendlessDataQuery.h; sourceTree = "<group>"; };
		D687C0A51C7A0BE600C0B1D6 /* BackendlessEntity.h */ = {isa = PBXFileReference; fileEncoding = 4; lastKnownFileType = sourcecode.c.h; path = BackendlessEntity.h; sourceTree = "<group>"; };
		D687C0A61C7A0BE600C0B1D6 /* BackendlessFile.h */ = {isa = PBXFileReference; fileEncoding = 4; lastKnownFileType = sourcecode.c.h; path = BackendlessFile.h; sourceTree = "<group>"; };
		D687C0A71C7A0BE600C0B1D6 /* BackendlessGeoQuery.h */ = {isa = PBXFileReference; fileEncoding = 4; lastKnownFileType = sourcecode.c.h; path = BackendlessGeoQuery.h; sourceTree = "<group>"; };
		D687C0A81C7A0BE600C0B1D6 /* BackendlessSimpleQuery.h */ = {isa = PBXFileReference; fileEncoding = 4; lastKnownFileType = sourcecode.c.h; path = BackendlessSimpleQuery.h; sourceTree = "<group>"; };
		D687C0A91C7A0BE600C0B1D6 /* BackendlessUser.h */ = {isa = PBXFileReference; fileEncoding = 4; lastKnownFileType = sourcecode.c.h; path = BackendlessUser.h; sourceTree = "<group>"; };
		D687C0AA1C7A0BE600C0B1D6 /* BEAnnotation.h */ = {isa = PBXFileReference; fileEncoding = 4; lastKnownFileType = sourcecode.c.h; path = BEAnnotation.h; sourceTree = "<group>"; };
		D687C0AB1C7A0BE600C0B1D6 /* BECollectionView.h */ = {isa = PBXFileReference; fileEncoding = 4; lastKnownFileType = sourcecode.c.h; path = BECollectionView.h; sourceTree = "<group>"; };
		D687C0AC1C7A0BE600C0B1D6 /* BEFileInfo.h */ = {isa = PBXFileReference; fileEncoding = 4; lastKnownFileType = sourcecode.c.h; path = BEFileInfo.h; sourceTree = "<group>"; };
		D687C0AD1C7A0BE600C0B1D6 /* BEMapView.h */ = {isa = PBXFileReference; fileEncoding = 4; lastKnownFileType = sourcecode.c.h; path = BEMapView.h; sourceTree = "<group>"; };
		D687C0AE1C7A0BE600C0B1D6 /* BESubscription.h */ = {isa = PBXFileReference; fileEncoding = 4; lastKnownFileType = sourcecode.c.h; path = BESubscription.h; sourceTree = "<group>"; };
		D687C0AF1C7A0BE600C0B1D6 /* BETableView.h */ = {isa = PBXFileReference; fileEncoding = 4; lastKnownFileType = sourcecode.c.h; path = BETableView.h; sourceTree = "<group>"; };
		D687C0B01C7A0BE600C0B1D6 /* CacheFactory.h */ = {isa = PBXFileReference; fileEncoding = 4; lastKnownFileType = sourcecode.c.h; path = CacheFactory.h; sourceTree = "<group>"; };
		D687C0B11C7A0BE600C0B1D6 /* CacheService.h */ = {isa = PBXFileReference; fileEncoding = 4; lastKnownFileType = sourcecode.c.h; path = CacheService.h; sourceTree = "<group>"; };
		D687C0B21C7A0BE600C0B1D6 /* CustomService.h */ = {isa = PBXFileReference; fileEncoding = 4; lastKnownFileType = sourcecode.c.h; path = CustomService.h; sourceTree = "<group>"; };
		D687C0B31C7A0BE600C0B1D6 /* DataPermission.h */ = {isa = PBXFileReference; fileEncoding = 4; lastKnownFileType = sourcecode.c.h; path = DataPermission.h; sourceTree = "<group>"; };
		D687C0B41C7A0BE600C0B1D6 /* DataStoreFactory.h */ = {isa = PBXFileReference; fileEncoding = 4; lastKnownFileType = sourcecode.c.h; path = DataStoreFactory.h; sourceTree = "<group>"; };
		D687C0B51C7A0BE600C0B1D6 /* DeliveryOptions.h */ = {isa = PBXFileReference; fileEncoding = 4; lastKnownFileType = sourcecode.c.h; path = DeliveryOptions.h; sourceTree = "<group>"; };
		D687C0B61C7A0BE600C0B1D6 /* DeviceRegistration.h */ = {isa = PBXFileReference; fileEncoding = 4; lastKnownFileType = sourcecode.c.h; path = DeviceRegistration.h; sourceTree = "<group>"; };
		D687C0B71C7A0BE600C0B1D6 /* Events.h */ = {isa = PBXFileReference; fileEncoding = 4; lastKnownFileType = sourcecode.c.h; path = Events.h; sourceTree = "<group>"; };
		D687C0B81C7A0BE600C0B1D6 /* FilePermission.h */ = {isa = PBXFileReference; fileEncoding = 4; lastKnownFileType = sourcecode.c.h; path = FilePermission.h; sourceTree = "<group>"; };
		D687C0B91C7A0BE600C0B1D6 /* FileService.h */ = {isa = PBXFileReference; fileEncoding = 4; lastKnownFileType = sourcecode.c.h; path = FileService.h; sourceTree = "<group>"; };
		D687C0BA1C7A0BE600C0B1D6 /* GeoCategory.h */ = {isa = PBXFileReference; fileEncoding = 4; lastKnownFileType = sourcecode.c.h; path = GeoCategory.h; sourceTree = "<group>"; };
		D687C0BB1C7A0BE600C0B1D6 /* GeoCluster.h */ = {isa = PBXFileReference; fileEncoding = 4; lastKnownFileType = sourcecode.c.h; path = GeoCluster.h; sourceTree = "<group>"; };
		D687C0BC1C7A0BE600C0B1D6 /* GeoFence.h */ = {isa = PBXFileReference; fileEncoding = 4; lastKnownFileType = sourcecode.c.h; path = GeoFence.h; sourceTree = "<group>"; };
		D687C0BD1C7A0BE600C0B1D6 /* GeoPoint.h */ = {isa = PBXFileReference; fileEncoding = 4; lastKnownFileType = sourcecode.c.h; path = GeoPoint.h; sourceTree = "<group>"; };
		D687C0BE1C7A0BE600C0B1D6 /* GeoService.h */ = {isa = PBXFileReference; fileEncoding = 4; lastKnownFileType = sourcecode.c.h; path = GeoService.h; sourceTree = "<group>"; };
		D687C0BF1C7A0BE600C0B1D6 /* HashMap.h */ = {isa = PBXFileReference; fileEncoding = 4; lastKnownFileType = sourcecode.c.h; path = HashMap.h; sourceTree = "<group>"; };
		D687C0C01C7A0BE600C0B1D6 /* IAtomicCounters.h */ = {isa = PBXFileReference; fileEncoding = 4; lastKnownFileType = sourcecode.c.h; path = IAtomicCounters.h; sourceTree = "<group>"; };
		D687C0C11C7A0BE600C0B1D6 /* ICacheService.h */ = {isa = PBXFileReference; fileEncoding = 4; lastKnownFileType = sourcecode.c.h; path = ICacheService.h; sourceTree = "<group>"; };
		D687C0C21C7A0BE600C0B1D6 /* ICallback.h */ = {isa = PBXFileReference; fileEncoding = 4; lastKnownFileType = sourcecode.c.h; path = ICallback.h; sourceTree = "<group>"; };
		D687C0C31C7A0BE600C0B1D6 /* IDataStore.h */ = {isa = PBXFileReference; fileEncoding = 4; lastKnownFileType = sourcecode.c.h; path = IDataStore.h; sourceTree = "<group>"; };
		D687C0C41C7A0BE600C0B1D6 /* IMediaStreamer.h */ = {isa = PBXFileReference; fileEncoding = 4; lastKnownFileType = sourcecode.c.h; path = IMediaStreamer.h; sourceTree = "<group>"; };
		D687C0C51C7A0BE600C0B1D6 /* IPresenceListener.h */ = {isa = PBXFileReference; fileEncoding = 4; lastKnownFileType = sourcecode.c.h; path = IPresenceListener.h; sourceTree = "<group>"; };
		D687C0C61C7A0BE600C0B1D6 /* LocationTracker.h */ = {isa = PBXFileReference; fileEncoding = 4; lastKnownFileType = sourcecode.c.h; path = LocationTracker.h; sourceTree = "<group>"; };
		D687C0C71C7A0BE600C0B1D6 /* Logger.h */ = {isa = PBXFileReference; fileEncoding = 4; lastKnownFileType = sourcecode.c.h; path = Logger.h; sourceTree = "<group>"; };
		D687C0C81C7A0BE600C0B1D6 /* Logging.h */ = {isa = PBXFileReference; fileEncoding = 4; lastKnownFileType = sourcecode.c.h; path = Logging.h; sourceTree = "<group>"; };
		D687C0C91C7A0BE600C0B1D6 /* MediaPlaybackOptions.h */ = {isa = PBXFileReference; fileEncoding = 4; lastKnownFileType = sourcecode.c.h; path = MediaPlaybackOptions.h; sourceTree = "<group>"; };
		D687C0CA1C7A0BE600C0B1D6 /* MediaPlayer.h */ = {isa = PBXFileReference; fileEncoding = 4; lastKnownFileType = sourcecode.c.h; path = MediaPlayer.h; sourceTree = "<group>"; };
		D687C0CB1C7A0BE600C0B1D6 /* MediaPublisher.h */ = {isa = PBXFileReference; fileEncoding = 4; lastKnownFileType = sourcecode.c.h; path = MediaPublisher.h; sourceTree = "<group>"; };
		D687C0CC1C7A0BE600C0B1D6 /* MediaPublishOptions.h */ = {isa = PBXFileReference; fileEncoding = 4; lastKnownFileType = sourcecode.c.h; path = MediaPublishOptions.h; sourceTree = "<group>"; };
		D687C0CD1C7A0BE600C0B1D6 /* MediaService.h */ = {isa = PBXFileReference; fileEncoding = 4; lastKnownFileType = sourcecode.c.h; path = MediaService.h; sourceTree = "<group>"; };
		D687C0CE1C7A0BE600C0B1D6 /* Message.h */ = {isa = PBXFileReference; fileEncoding = 4; lastKnownFileType = sourcecode.c.h; path = Message.h; sourceTree = "<group>"; };
		D687C0CF1C7A0BE600C0B1D6 /* MessageStatus.h */ = {isa = PBXFileReference; fileEncoding = 4; lastKnownFileType = sourcecode.c.h; path = MessageStatus.h; sourceTree = "<group>"; };
		D687C0D01C7A0BE600C0B1D6 /* MessagingService.h */ = {isa = PBXFileReference; fileEncoding = 4; lastKnownFileType = sourcecode.c.h; path = MessagingService.h; sourceTree = "<group>"; };
		D687C0D11C7A0BE600C0B1D6 /* ObjectProperty.h */ = {isa = PBXFileReference; fileEncoding = 4; lastKnownFileType = sourcecode.c.h; path = ObjectProperty.h; sourceTree = "<group>"; };
		D687C0D21C7A0BE600C0B1D6 /* PersistenceService.h */ = {isa = PBXFileReference; fileEncoding = 4; lastKnownFileType = sourcecode.c.h; path = PersistenceService.h; sourceTree = "<group>"; };
		D687C0D31C7A0BE600C0B1D6 /* Presence.h */ = {isa = PBXFileReference; fileEncoding = 4; lastKnownFileType = sourcecode.c.h; path = Presence.h; sourceTree = "<group>"; };
		D687C0D41C7A0BE600C0B1D6 /* ProtectedBackendlessGeoQuery.h */ = {isa = PBXFileReference; fileEncoding = 4; lastKnownFileType = sourcecode.c.h; path = ProtectedBackendlessGeoQuery.h; sourceTree = "<group>"; };
		D687C0D51C7A0BE600C0B1D6 /* PublishOptions.h */ = {isa = PBXFileReference; fileEncoding = 4; lastKnownFileType = sourcecode.c.h; path = PublishOptions.h; sourceTree = "<group>"; };
		D687C0D61C7A0BE600C0B1D6 /* QueryOptions.h */ = {isa = PBXFileReference; fileEncoding = 4; lastKnownFileType = sourcecode.c.h; path = QueryOptions.h; sourceTree = "<group>"; };
		D687C0D71C7A0BE600C0B1D6 /* SubscriptionOptions.h */ = {isa = PBXFileReference; fileEncoding = 4; lastKnownFileType = sourcecode.c.h; path = SubscriptionOptions.h; sourceTree = "<group>"; };
		D687C0D81C7A0BE600C0B1D6 /* UserProperty.h */ = {isa = PBXFileReference; fileEncoding = 4; lastKnownFileType = sourcecode.c.h; path = UserProperty.h; sourceTree = "<group>"; };
		D687C0D91C7A0BE600C0B1D6 /* UserService.h */ = {isa = PBXFileReference; fileEncoding = 4; lastKnownFileType = sourcecode.c.h; path = UserService.h; sourceTree = "<group>"; };
		D687C0DB1C7A0BE600C0B1D6 /* CommLibiOS.a */ = {isa = PBXFileReference; lastKnownFileType = archive.ar; path = CommLibiOS.a; sourceTree = "<group>"; };
		D687C0DD1C7A0BE600C0B1D6 /* AMFSerializer.h */ = {isa = PBXFileReference; fileEncoding = 4; lastKnownFileType = sourcecode.c.h; path = AMFSerializer.h; sourceTree = "<group>"; };
		D687C0DE1C7A0BE600C0B1D6 /* BinaryCodec.h */ = {isa = PBXFileReference; fileEncoding = 4; lastKnownFileType = sourcecode.c.h; path = BinaryCodec.h; sourceTree = "<group>"; };
		D687C0DF1C7A0BE600C0B1D6 /* BinaryStream.h */ = {isa = PBXFileReference; fileEncoding = 4; lastKnownFileType = sourcecode.c.h; path = BinaryStream.h; sourceTree = "<group>"; };
		D687C0E01C7A0BE600C0B1D6 /* DEBUG.h */ = {isa = PBXFileReference; fileEncoding = 4; lastKnownFileType = sourcecode.c.h; path = DEBUG.h; sourceTree = "<group>"; };
		D687C0E11C7A0BE600C0B1D6 /* FlashorbBinaryReader.h */ = {isa = PBXFileReference; fileEncoding = 4; lastKnownFileType = sourcecode.c.h; path = FlashorbBinaryReader.h; sourceTree = "<group>"; };
		D687C0E21C7A0BE600C0B1D6 /* FlashorbBinaryWriter.h */ = {isa = PBXFileReference; fileEncoding = 4; lastKnownFileType = sourcecode.c.h; path = FlashorbBinaryWriter.h; sourceTree = "<group>"; };
		D687C0E31C7A0BE600C0B1D6 /* IAttributeStore.h */ = {isa = PBXFileReference; fileEncoding = 4; lastKnownFileType = sourcecode.c.h; path = IAttributeStore.h; sourceTree = "<group>"; };
		D687C0E41C7A0BE600C0B1D6 /* IClientSharedObject.h */ = {isa = PBXFileReference; fileEncoding = 4; lastKnownFileType = sourcecode.c.h; path = IClientSharedObject.h; sourceTree = "<group>"; };
		D687C0E51C7A0BE600C0B1D6 /* IClientSharedObjectDelegate.h */ = {isa = PBXFileReference; fileEncoding = 4; lastKnownFileType = sourcecode.c.h; path = IClientSharedObjectDelegate.h; sourceTree = "<group>"; };
		D687C0E61C7A0BE600C0B1D6 /* IPendingServiceCallback.h */ = {isa = PBXFileReference; fileEncoding = 4; lastKnownFileType = sourcecode.c.h; path = IPendingServiceCallback.h; sourceTree = "<group>"; };
		D687C0E71C7A0BE600C0B1D6 /* IPersistable.h */ = {isa = PBXFileReference; fileEncoding = 4; lastKnownFileType = sourcecode.c.h; path = IPersistable.h; sourceTree = "<group>"; };
		D687C0E81C7A0BE600C0B1D6 /* IRTMProtocol.h */ = {isa = PBXFileReference; fileEncoding = 4; lastKnownFileType = sourcecode.c.h; path = IRTMProtocol.h; sourceTree = "<group>"; };
		D687C0E91C7A0BE600C0B1D6 /* IServiceCall.h */ = {isa = PBXFileReference; fileEncoding = 4; lastKnownFileType = sourcecode.c.h; path = IServiceCall.h; sourceTree = "<group>"; };
		D687C0EA1C7A0BE600C0B1D6 /* ISharedObjectListener.h */ = {isa = PBXFileReference; fileEncoding = 4; lastKnownFileType = sourcecode.c.h; path = ISharedObjectListener.h; sourceTree = "<group>"; };
		D687C0EB1C7A0BE600C0B1D6 /* MemoryTicker.h */ = {isa = PBXFileReference; fileEncoding = 4; lastKnownFileType = sourcecode.c.h; path = MemoryTicker.h; sourceTree = "<group>"; };
		D687C0EC1C7A0BE600C0B1D6 /* Responder.h */ = {isa = PBXFileReference; fileEncoding = 4; lastKnownFileType = sourcecode.c.h; path = Responder.h; sourceTree = "<group>"; };
		D687C0ED1C7A0BE600C0B1D6 /* RTMPClient.h */ = {isa = PBXFileReference; fileEncoding = 4; lastKnownFileType = sourcecode.c.h; path = RTMPClient.h; sourceTree = "<group>"; };
		D687C0EE1C7A0BE600C0B1D6 /* Types.h */ = {isa = PBXFileReference; fileEncoding = 4; lastKnownFileType = sourcecode.c.h; path = Types.h; sourceTree = "<group>"; };
		D687C0EF1C7A0BE600C0B1D6 /* WeborbClient.h */ = {isa = PBXFileReference; fileEncoding = 4; lastKnownFileType = sourcecode.c.h; path = WeborbClient.h; sourceTree = "<group>"; };
		D687C0F31C7A0BE600C0B1D6 /* avcodec.h */ = {isa = PBXFileReference; fileEncoding = 4; lastKnownFileType = sourcecode.c.h; path = avcodec.h; sourceTree = "<group>"; };
		D687C0F41C7A0BE600C0B1D6 /* avfft.h */ = {isa = PBXFileReference; fileEncoding = 4; lastKnownFileType = sourcecode.c.h; path = avfft.h; sourceTree = "<group>"; };
		D687C0F51C7A0BE600C0B1D6 /* dv_profile.h */ = {isa = PBXFileReference; fileEncoding = 4; lastKnownFileType = sourcecode.c.h; path = dv_profile.h; sourceTree = "<group>"; };
		D687C0F61C7A0BE600C0B1D6 /* dxva2.h */ = {isa = PBXFileReference; fileEncoding = 4; lastKnownFileType = sourcecode.c.h; path = dxva2.h; sourceTree = "<group>"; };
		D687C0F71C7A0BE600C0B1D6 /* vaapi.h */ = {isa = PBXFileReference; fileEncoding = 4; lastKnownFileType = sourcecode.c.h; path = vaapi.h; sourceTree = "<group>"; };
		D687C0F81C7A0BE600C0B1D6 /* vda.h */ = {isa = PBXFileReference; fileEncoding = 4; lastKnownFileType = sourcecode.c.h; path = vda.h; sourceTree = "<group>"; };
		D687C0F91C7A0BE600C0B1D6 /* vdpau.h */ = {isa = PBXFileReference; fileEncoding = 4; lastKnownFileType = sourcecode.c.h; path = vdpau.h; sourceTree = "<group>"; };
		D687C0FA1C7A0BE600C0B1D6 /* version.h */ = {isa = PBXFileReference; fileEncoding = 4; lastKnownFileType = sourcecode.c.h; path = version.h; sourceTree = "<group>"; };
		D687C0FB1C7A0BE600C0B1D6 /* xvmc.h */ = {isa = PBXFileReference; fileEncoding = 4; lastKnownFileType = sourcecode.c.h; path = xvmc.h; sourceTree = "<group>"; };
		D687C0FD1C7A0BE600C0B1D6 /* avdevice.h */ = {isa = PBXFileReference; fileEncoding = 4; lastKnownFileType = sourcecode.c.h; path = avdevice.h; sourceTree = "<group>"; };
		D687C0FE1C7A0BE600C0B1D6 /* version.h */ = {isa = PBXFileReference; fileEncoding = 4; lastKnownFileType = sourcecode.c.h; path = version.h; sourceTree = "<group>"; };
		D687C1001C7A0BE600C0B1D6 /* avfilter.h */ = {isa = PBXFileReference; fileEncoding = 4; lastKnownFileType = sourcecode.c.h; path = avfilter.h; sourceTree = "<group>"; };
		D687C1011C7A0BE600C0B1D6 /* avfiltergraph.h */ = {isa = PBXFileReference; fileEncoding = 4; lastKnownFileType = sourcecode.c.h; path = avfiltergraph.h; sourceTree = "<group>"; };
		D687C1021C7A0BE600C0B1D6 /* buffersink.h */ = {isa = PBXFileReference; fileEncoding = 4; lastKnownFileType = sourcecode.c.h; path = buffersink.h; sourceTree = "<group>"; };
		D687C1031C7A0BE600C0B1D6 /* buffersrc.h */ = {isa = PBXFileReference; fileEncoding = 4; lastKnownFileType = sourcecode.c.h; path = buffersrc.h; sourceTree = "<group>"; };
		D687C1041C7A0BE600C0B1D6 /* version.h */ = {isa = PBXFileReference; fileEncoding = 4; lastKnownFileType = sourcecode.c.h; path = version.h; sourceTree = "<group>"; };
		D687C1061C7A0BE600C0B1D6 /* avformat.h */ = {isa = PBXFileReference; fileEncoding = 4; lastKnownFileType = sourcecode.c.h; path = avformat.h; sourceTree = "<group>"; };
		D687C1071C7A0BE600C0B1D6 /* avio.h */ = {isa = PBXFileReference; fileEncoding = 4; lastKnownFileType = sourcecode.c.h; path = avio.h; sourceTree = "<group>"; };
		D687C1081C7A0BE600C0B1D6 /* version.h */ = {isa = PBXFileReference; fileEncoding = 4; lastKnownFileType = sourcecode.c.h; path = version.h; sourceTree = "<group>"; };
		D687C10A1C7A0BE600C0B1D6 /* avresample.h */ = {isa = PBXFileReference; fileEncoding = 4; lastKnownFileType = sourcecode.c.h; path = avresample.h; sourceTree = "<group>"; };
		D687C10B1C7A0BE600C0B1D6 /* version.h */ = {isa = PBXFileReference; fileEncoding = 4; lastKnownFileType = sourcecode.c.h; path = version.h; sourceTree = "<group>"; };
		D687C10D1C7A0BE600C0B1D6 /* adler32.h */ = {isa = PBXFileReference; fileEncoding = 4; lastKnownFileType = sourcecode.c.h; path = adler32.h; sourceTree = "<group>"; };
		D687C10E1C7A0BE600C0B1D6 /* aes.h */ = {isa = PBXFileReference; fileEncoding = 4; lastKnownFileType = sourcecode.c.h; path = aes.h; sourceTree = "<group>"; };
		D687C10F1C7A0BE600C0B1D6 /* attributes.h */ = {isa = PBXFileReference; fileEncoding = 4; lastKnownFileType = sourcecode.c.h; path = attributes.h; sourceTree = "<group>"; };
		D687C1101C7A0BE600C0B1D6 /* audio_fifo.h */ = {isa = PBXFileReference; fileEncoding = 4; lastKnownFileType = sourcecode.c.h; path = audio_fifo.h; sourceTree = "<group>"; };
		D687C1111C7A0BE600C0B1D6 /* audioconvert.h */ = {isa = PBXFileReference; fileEncoding = 4; lastKnownFileType = sourcecode.c.h; path = audioconvert.h; sourceTree = "<group>"; };
		D687C1121C7A0BE600C0B1D6 /* avassert.h */ = {isa = PBXFileReference; fileEncoding = 4; lastKnownFileType = sourcecode.c.h; path = avassert.h; sourceTree = "<group>"; };
		D687C1131C7A0BE600C0B1D6 /* avconfig.h */ = {isa = PBXFileReference; fileEncoding = 4; lastKnownFileType = sourcecode.c.h; path = avconfig.h; sourceTree = "<group>"; };
		D687C1141C7A0BE600C0B1D6 /* avstring.h */ = {isa = PBXFileReference; fileEncoding = 4; lastKnownFileType = sourcecode.c.h; path = avstring.h; sourceTree = "<group>"; };
		D687C1151C7A0BE600C0B1D6 /* avutil.h */ = {isa = PBXFileReference; fileEncoding = 4; lastKnownFileType = sourcecode.c.h; path = avutil.h; sourceTree = "<group>"; };
		D687C1161C7A0BE600C0B1D6 /* base64.h */ = {isa = PBXFileReference; fileEncoding = 4; lastKnownFileType = sourcecode.c.h; path = base64.h; sourceTree = "<group>"; };
		D687C1171C7A0BE600C0B1D6 /* blowfish.h */ = {isa = PBXFileReference; fileEncoding = 4; lastKnownFileType = sourcecode.c.h; path = blowfish.h; sourceTree = "<group>"; };
		D687C1181C7A0BE600C0B1D6 /* bswap.h */ = {isa = PBXFileReference; fileEncoding = 4; lastKnownFileType = sourcecode.c.h; path = bswap.h; sourceTree = "<group>"; };
		D687C1191C7A0BE600C0B1D6 /* buffer.h */ = {isa = PBXFileReference; fileEncoding = 4; lastKnownFileType = sourcecode.c.h; path = buffer.h; sourceTree = "<group>"; };
		D687C11A1C7A0BE600C0B1D6 /* channel_layout.h */ = {isa = PBXFileReference; fileEncoding = 4; lastKnownFileType = sourcecode.c.h; path = channel_layout.h; sourceTree = "<group>"; };
		D687C11B1C7A0BE600C0B1D6 /* common.h */ = {isa = PBXFileReference; fileEncoding = 4; lastKnownFileType = sourcecode.c.h; path = common.h; sourceTree = "<group>"; };
		D687C11C1C7A0BE600C0B1D6 /* cpu.h */ = {isa = PBXFileReference; fileEncoding = 4; lastKnownFileType = sourcecode.c.h; path = cpu.h; sourceTree = "<group>"; };
		D687C11D1C7A0BE600C0B1D6 /* crc.h */ = {isa = PBXFileReference; fileEncoding = 4; lastKnownFileType = sourcecode.c.h; path = crc.h; sourceTree = "<group>"; };
		D687C11E1C7A0BE600C0B1D6 /* dict.h */ = {isa = PBXFileReference; fileEncoding = 4; lastKnownFileType = sourcecode.c.h; path = dict.h; sourceTree = "<group>"; };
		D687C11F1C7A0BE600C0B1D6 /* display.h */ = {isa = PBXFileReference; fileEncoding = 4; lastKnownFileType = sourcecode.c.h; path = display.h; sourceTree = "<group>"; };
		D687C1201C7A0BE600C0B1D6 /* downmix_info.h */ = {isa = PBXFileReference; fileEncoding = 4; lastKnownFileType = sourcecode.c.h; path = downmix_info.h; sourceTree = "<group>"; };
		D687C1211C7A0BE600C0B1D6 /* error.h */ = {isa = PBXFileReference; fileEncoding = 4; lastKnownFileType = sourcecode.c.h; path = error.h; sourceTree = "<group>"; };
		D687C1221C7A0BE600C0B1D6 /* eval.h */ = {isa = PBXFileReference; fileEncoding = 4; lastKnownFileType = sourcecode.c.h; path = eval.h; sourceTree = "<group>"; };
		D687C1231C7A0BE600C0B1D6 /* fifo.h */ = {isa = PBXFileReference; fileEncoding = 4; lastKnownFileType = sourcecode.c.h; path = fifo.h; sourceTree = "<group>"; };
		D687C1241C7A0BE600C0B1D6 /* file.h */ = {isa = PBXFileReference; fileEncoding = 4; lastKnownFileType = sourcecode.c.h; path = file.h; sourceTree = "<group>"; };
		D687C1251C7A0BE600C0B1D6 /* frame.h */ = {isa = PBXFileReference; fileEncoding = 4; lastKnownFileType = sourcecode.c.h; path = frame.h; sourceTree = "<group>"; };
		D687C1261C7A0BE600C0B1D6 /* hmac.h */ = {isa = PBXFileReference; fileEncoding = 4; lastKnownFileType = sourcecode.c.h; path = hmac.h; sourceTree = "<group>"; };
		D687C1271C7A0BE600C0B1D6 /* imgutils.h */ = {isa = PBXFileReference; fileEncoding = 4; lastKnownFileType = sourcecode.c.h; path = imgutils.h; sourceTree = "<group>"; };
		D687C1281C7A0BE600C0B1D6 /* intfloat.h */ = {isa = PBXFileReference; fileEncoding = 4; lastKnownFileType = sourcecode.c.h; path = intfloat.h; sourceTree = "<group>"; };
		D687C1291C7A0BE600C0B1D6 /* intreadwrite.h */ = {isa = PBXFileReference; fileEncoding = 4; lastKnownFileType = sourcecode.c.h; path = intreadwrite.h; sourceTree = "<group>"; };
		D687C12A1C7A0BE600C0B1D6 /* lfg.h */ = {isa = PBXFileReference; fileEncoding = 4; lastKnownFileType = sourcecode.c.h; path = lfg.h; sourceTree = "<group>"; };
		D687C12B1C7A0BE600C0B1D6 /* log.h */ = {isa = PBXFileReference; fileEncoding = 4; lastKnownFileType = sourcecode.c.h; path = log.h; sourceTree = "<group>"; };
		D687C12C1C7A0BE600C0B1D6 /* macros.h */ = {isa = PBXFileReference; fileEncoding = 4; lastKnownFileType = sourcecode.c.h; path = macros.h; sourceTree = "<group>"; };
		D687C12D1C7A0BE600C0B1D6 /* mathematics.h */ = {isa = PBXFileReference; fileEncoding = 4; lastKnownFileType = sourcecode.c.h; path = mathematics.h; sourceTree = "<group>"; };
		D687C12E1C7A0BE600C0B1D6 /* md5.h */ = {isa = PBXFileReference; fileEncoding = 4; lastKnownFileType = sourcecode.c.h; path = md5.h; sourceTree = "<group>"; };
		D687C12F1C7A0BE600C0B1D6 /* mem.h */ = {isa = PBXFileReference; fileEncoding = 4; lastKnownFileType = sourcecode.c.h; path = mem.h; sourceTree = "<group>"; };
		D687C1301C7A0BE600C0B1D6 /* old_pix_fmts.h */ = {isa = PBXFileReference; fileEncoding = 4; lastKnownFileType = sourcecode.c.h; path = old_pix_fmts.h; sourceTree = "<group>"; };
		D687C1311C7A0BE600C0B1D6 /* opt.h */ = {isa = PBXFileReference; fileEncoding = 4; lastKnownFileType = sourcecode.c.h; path = opt.h; sourceTree = "<group>"; };
		D687C1321C7A0BE600C0B1D6 /* parseutils.h */ = {isa = PBXFileReference; fileEncoding = 4; lastKnownFileType = sourcecode.c.h; path = parseutils.h; sourceTree = "<group>"; };
		D687C1331C7A0BE600C0B1D6 /* pixdesc.h */ = {isa = PBXFileReference; fileEncoding = 4; lastKnownFileType = sourcecode.c.h; path = pixdesc.h; sourceTree = "<group>"; };
		D687C1341C7A0BE600C0B1D6 /* pixfmt.h */ = {isa = PBXFileReference; fileEncoding = 4; lastKnownFileType = sourcecode.c.h; path = pixfmt.h; sourceTree = "<group>"; };
		D687C1351C7A0BE600C0B1D6 /* random_seed.h */ = {isa = PBXFileReference; fileEncoding = 4; lastKnownFileType = sourcecode.c.h; path = random_seed.h; sourceTree = "<group>"; };
		D687C1361C7A0BE600C0B1D6 /* rational.h */ = {isa = PBXFileReference; fileEncoding = 4; lastKnownFileType = sourcecode.c.h; path = rational.h; sourceTree = "<group>"; };
		D687C1371C7A0BE600C0B1D6 /* replaygain.h */ = {isa = PBXFileReference; fileEncoding = 4; lastKnownFileType = sourcecode.c.h; path = replaygain.h; sourceTree = "<group>"; };
		D687C1381C7A0BE600C0B1D6 /* samplefmt.h */ = {isa = PBXFileReference; fileEncoding = 4; lastKnownFileType = sourcecode.c.h; path = samplefmt.h; sourceTree = "<group>"; };
		D687C1391C7A0BE600C0B1D6 /* sha.h */ = {isa = PBXFileReference; fileEncoding = 4; lastKnownFileType = sourcecode.c.h; path = sha.h; sourceTree = "<group>"; };
		D687C13A1C7A0BE600C0B1D6 /* stereo3d.h */ = {isa = PBXFileReference; fileEncoding = 4; lastKnownFileType = sourcecode.c.h; path = stereo3d.h; sourceTree = "<group>"; };
		D687C13B1C7A0BE600C0B1D6 /* time.h */ = {isa = PBXFileReference; fileEncoding = 4; lastKnownFileType = sourcecode.c.h; path = time.h; sourceTree = "<group>"; };
		D687C13C1C7A0BE600C0B1D6 /* version.h */ = {isa = PBXFileReference; fileEncoding = 4; lastKnownFileType = sourcecode.c.h; path = version.h; sourceTree = "<group>"; };
		D687C13D1C7A0BE600C0B1D6 /* xtea.h */ = {isa = PBXFileReference; fileEncoding = 4; lastKnownFileType = sourcecode.c.h; path = xtea.h; sourceTree = "<group>"; };
		D687C13F1C7A0BE600C0B1D6 /* swscale.h */ = {isa = PBXFileReference; fileEncoding = 4; lastKnownFileType = sourcecode.c.h; path = swscale.h; sourceTree = "<group>"; };
		D687C1401C7A0BE600C0B1D6 /* version.h */ = {isa = PBXFileReference; fileEncoding = 4; lastKnownFileType = sourcecode.c.h; path = version.h; sourceTree = "<group>"; };
		D687C1421C7A0BE600C0B1D6 /* libavcodec.a */ = {isa = PBXFileReference; lastKnownFileType = archive.ar; path = libavcodec.a; sourceTree = "<group>"; };
		D687C1431C7A0BE600C0B1D6 /* libavdevice.a */ = {isa = PBXFileReference; lastKnownFileType = archive.ar; path = libavdevice.a; sourceTree = "<group>"; };
		D687C1441C7A0BE600C0B1D6 /* libavfilter.a */ = {isa = PBXFileReference; lastKnownFileType = archive.ar; path = libavfilter.a; sourceTree = "<group>"; };
		D687C1451C7A0BE600C0B1D6 /* libavformat.a */ = {isa = PBXFileReference; lastKnownFileType = archive.ar; path = libavformat.a; sourceTree = "<group>"; };
		D687C1461C7A0BE600C0B1D6 /* libavutil.a */ = {isa = PBXFileReference; lastKnownFileType = archive.ar; path = libavutil.a; sourceTree = "<group>"; };
		D687C1471C7A0BE600C0B1D6 /* libswscale.a */ = {isa = PBXFileReference; lastKnownFileType = archive.ar; path = libswscale.a; sourceTree = "<group>"; };
		D687C14A1C7A0BE600C0B1D6 /* BroadcastStreamClient.h */ = {isa = PBXFileReference; fileEncoding = 4; lastKnownFileType = sourcecode.c.h; path = BroadcastStreamClient.h; sourceTree = "<group>"; };
		D687C14B1C7A0BE600C0B1D6 /* MediaStreamPlayer.h */ = {isa = PBXFileReference; fileEncoding = 4; lastKnownFileType = sourcecode.c.h; path = MediaStreamPlayer.h; sourceTree = "<group>"; };
		D687C14C1C7A0BE600C0B1D6 /* MPMediaData.h */ = {isa = PBXFileReference; fileEncoding = 4; lastKnownFileType = sourcecode.c.h; path = MPMediaData.h; sourceTree = "<group>"; };
		D687C14D1C7A0BE600C0B1D6 /* MPMediaDecoder.h */ = {isa = PBXFileReference; fileEncoding = 4; lastKnownFileType = sourcecode.c.h; path = MPMediaDecoder.h; sourceTree = "<group>"; };
		D687C14E1C7A0BE600C0B1D6 /* MPMediaEncoder.h */ = {isa = PBXFileReference; fileEncoding = 4; lastKnownFileType = sourcecode.c.h; path = MPMediaEncoder.h; sourceTree = "<group>"; };
		D687C14F1C7A0BE600C0B1D6 /* VideoPlayer.h */ = {isa = PBXFileReference; fileEncoding = 4; lastKnownFileType = sourcecode.c.h; path = VideoPlayer.h; sourceTree = "<group>"; };
		D687C1501C7A0BE600C0B1D6 /* MediaLibiOS.a */ = {isa = PBXFileReference; lastKnownFileType = archive.ar; path = MediaLibiOS.a; sourceTree = "<group>"; };
		D687C1531C7A0BE600C0B1D6 /* speex.h */ = {isa = PBXFileReference; fileEncoding = 4; lastKnownFileType = sourcecode.c.h; path = speex.h; sourceTree = "<group>"; };
		D687C1541C7A0BE600C0B1D6 /* speex_bits.h */ = {isa = PBXFileReference; fileEncoding = 4; lastKnownFileType = sourcecode.c.h; path = speex_bits.h; sourceTree = "<group>"; };
		D687C1551C7A0BE600C0B1D6 /* speex_callbacks.h */ = {isa = PBXFileReference; fileEncoding = 4; lastKnownFileType = sourcecode.c.h; path = speex_callbacks.h; sourceTree = "<group>"; };
		D687C1561C7A0BE600C0B1D6 /* speex_config_types.h */ = {isa = PBXFileReference; fileEncoding = 4; lastKnownFileType = sourcecode.c.h; path = speex_config_types.h; sourceTree = "<group>"; };
		D687C1571C7A0BE600C0B1D6 /* speex_header.h */ = {isa = PBXFileReference; fileEncoding = 4; lastKnownFileType = sourcecode.c.h; path = speex_header.h; sourceTree = "<group>"; };
		D687C1581C7A0BE600C0B1D6 /* speex_stereo.h */ = {isa = PBXFileReference; fileEncoding = 4; lastKnownFileType = sourcecode.c.h; path = speex_stereo.h; sourceTree = "<group>"; };
		D687C1591C7A0BE600C0B1D6 /* speex_types.h */ = {isa = PBXFileReference; fileEncoding = 4; lastKnownFileType = sourcecode.c.h; path = speex_types.h; sourceTree = "<group>"; };
		D687C15B1C7A0BE600C0B1D6 /* libspeex.a */ = {isa = PBXFileReference; lastKnownFileType = archive.ar; path = libspeex.a; sourceTree = "<group>"; };
		D687C15E1C7A0BE600C0B1D6 /* x264.h */ = {isa = PBXFileReference; fileEncoding = 4; lastKnownFileType = sourcecode.c.h; path = x264.h; sourceTree = "<group>"; };
		D687C15F1C7A0BE600C0B1D6 /* x264_config.h */ = {isa = PBXFileReference; fileEncoding = 4; lastKnownFileType = sourcecode.c.h; path = x264_config.h; sourceTree = "<group>"; };
		D687C1611C7A0BE600C0B1D6 /* libx264.a */ = {isa = PBXFileReference; lastKnownFileType = archive.ar; path = libx264.a; sourceTree = "<group>"; };
		D69810941C8B2EC600E401AA /* Base */ = {isa = PBXFileReference; lastKnownFileType = file.storyboard; name = Base; path = LunchCast/Base.lproj/Main.storyboard; sourceTree = SOURCE_ROOT; };
		D6A465181C83488D0046701D /* BackendlessAuthReponseProtocol.h */ = {isa = PBXFileReference; lastKnownFileType = sourcecode.c.h; path = BackendlessAuthReponseProtocol.h; sourceTree = SOURCE_ROOT; };
		D6A4651A1C83A6AD0046701D /* MyProfileViewController.h */ = {isa = PBXFileReference; fileEncoding = 4; lastKnownFileType = sourcecode.c.h; path = MyProfileViewController.h; sourceTree = SOURCE_ROOT; };
		D6A4651B1C83A6AD0046701D /* MyProfileViewController.m */ = {isa = PBXFileReference; fileEncoding = 4; lastKnownFileType = sourcecode.c.objc; path = MyProfileViewController.m; sourceTree = SOURCE_ROOT; };
		D6A4651D1C83A7B80046701D /* Utilities.h */ = {isa = PBXFileReference; fileEncoding = 4; lastKnownFileType = sourcecode.c.h; path = Utilities.h; sourceTree = SOURCE_ROOT; };
		D6A4651E1C83A7B80046701D /* Utilities.m */ = {isa = PBXFileReference; fileEncoding = 4; lastKnownFileType = sourcecode.c.objc; path = Utilities.m; sourceTree = SOURCE_ROOT; };
/* End PBXFileReference section */

/* Begin PBXFrameworksBuildPhase section */
		7AD251551C76873000091C75 /* Frameworks */ = {
			isa = PBXFrameworksBuildPhase;
			buildActionMask = 2147483647;
			files = (
				D687C1681C7A0BE600C0B1D6 /* libavutil.a in Frameworks */,
				D687C1661C7A0BE600C0B1D6 /* libavfilter.a in Frameworks */,
				D687C1691C7A0BE600C0B1D6 /* libswscale.a in Frameworks */,
				D687C1651C7A0BE600C0B1D6 /* libavdevice.a in Frameworks */,
				D687C16B1C7A0BE600C0B1D6 /* libspeex.a in Frameworks */,
				D687C0941C7A0BBF00C0B1D6 /* libz.tbd in Frameworks */,
				D687C0921C7A0BBA00C0B1D6 /* libsqlite3.tbd in Frameworks */,
				D687C16C1C7A0BE600C0B1D6 /* libx264.a in Frameworks */,
				D687C16A1C7A0BE600C0B1D6 /* MediaLibiOS.a in Frameworks */,
				D687C0901C7A0BB200C0B1D6 /* SystemConfiguration.framework in Frameworks */,
				D687C1621C7A0BE600C0B1D6 /* backendless.a in Frameworks */,
				D687C1671C7A0BE600C0B1D6 /* libavformat.a in Frameworks */,
				D687C1631C7A0BE600C0B1D6 /* CommLibiOS.a in Frameworks */,
				D687C1641C7A0BE600C0B1D6 /* libavcodec.a in Frameworks */,
			);
			runOnlyForDeploymentPostprocessing = 0;
		};
/* End PBXFrameworksBuildPhase section */

/* Begin PBXGroup section */
		7AC6C3A21C771E0600D937E7 /* Resources */ = {
			isa = PBXGroup;
			children = (
				D69810931C8B2EC600E401AA /* Main.storyboard */,
				7AD251671C76873000091C75 /* Assets.xcassets */,
				7AD251691C76873000091C75 /* LaunchScreen.storyboard */,
			);
			name = Resources;
			sourceTree = "<group>";
		};
		7AC9E4661C832D42001BEA84 /* Backendless Model */ = {
			isa = PBXGroup;
			children = (
				7A7D04E51C88DF0F00710F16 /* DataObjects.h */,
				7A7D04D31C88DF0200710F16 /* UserSubscription.h */,
				7A7D04D41C88DF0200710F16 /* UserSubscription.m */,
				7A7D04D51C88DF0200710F16 /* Tag.h */,
				7A7D04D61C88DF0200710F16 /* Tag.m */,
				7A7D04D71C88DF0200710F16 /* OrderItem.h */,
				7A7D04D81C88DF0200710F16 /* OrderItem.m */,
				7A7D04D91C88DF0200710F16 /* Restaurant.h */,
				7A7D04DA1C88DF0200710F16 /* Restaurant.m */,
				7A7D04DB1C88DF0200710F16 /* Meal.h */,
				7A7D04DC1C88DF0200710F16 /* Meal.m */,
				7A7D04DD1C88DF0200710F16 /* Order.h */,
				7A7D04DE1C88DF0200710F16 /* Order.m */,
			);
			name = "Backendless Model";
			sourceTree = "<group>";
		};
		7ACC33511C77163A00E9D8F8 /* Views */ = {
			isa = PBXGroup;
			children = (
				7AF5DDE71D21B0CE00BD79C1 /* TextFieldWithInsets.h */,
				7AF5DDE81D21B0CE00BD79C1 /* TextFieldWithInsets.m */,
				7AC9E46E1C834716001BEA84 /* RestaurantCell.h */,
				7AC9E46F1C834716001BEA84 /* RestaurantCell.m */,
				7AF5DDED1D21B98F00BD79C1 /* CustomCollectionViewCell.h */,
				7AF5DDEE1D21B98F00BD79C1 /* CustomCollectionViewCell.m */,
				7AF3C60A1C86505600555E98 /* MenuCell.h */,
				7AF3C60B1C86505600555E98 /* MenuCell.m */,
				D687C07D1C7A05D600C0B1D6 /* CustomActivityIndicator.h */,
				D687C07E1C7A05D600C0B1D6 /* CustomActivityIndicator.m */,
				7AD251941C768E9A00091C75 /* OrdersCell.h */,
				7AD251951C768E9A00091C75 /* OrdersCell.m */,
				D61489C21C8A2215003E917D /* GroupTableViewCell.h */,
				D61489C31C8A2215003E917D /* GroupTableViewCell.m */,
			);
			name = Views;
			sourceTree = "<group>";
		};
		7ACC33521C77164E00E9D8F8 /* View Controllers */ = {
			isa = PBXGroup;
			children = (
				D687C06F1C7A053D00C0B1D6 /* SignInVC.h */,
				D687C0701C7A053D00C0B1D6 /* SignInVC.m */,
				7AD251911C76892800091C75 /* OrdersViewController.h */,
				7AD251921C76892800091C75 /* OrdersViewController.m */,
				7AD2518E1C76890E00091C75 /* HomeViewController.h */,
				7AD2518F1C76890E00091C75 /* HomeViewController.m */,
				7AD2519D1C76942B00091C75 /* MenuViewController.h */,
				7AD2519E1C76942B00091C75 /* MenuViewController.m */,
				7AD2519A1C76907F00091C75 /* OrderDetailsViewController.h */,
				7AD2519B1C76907F00091C75 /* OrderDetailsViewController.m */,
				7AC9E4681C83435B001BEA84 /* CreateOrderViewController.h */,
				7AC9E4691C83435B001BEA84 /* CreateOrderViewController.m */,
				D6A4651A1C83A6AD0046701D /* MyProfileViewController.h */,
				D6A4651B1C83A6AD0046701D /* MyProfileViewController.m */,
				7AF5DDF01D21BB3F00BD79C1 /* SubscriptionCollectionViewController.h */,
				7AF5DDF11D21BB3F00BD79C1 /* SubscriptionCollectionViewController.m */,
				D61489BF1C88D3C0003E917D /* SubscriptionsTableViewController.h */,
				D61489C01C88D3C0003E917D /* SubscriptionsTableViewController.m */,
			);
			name = "View Controllers";
			sourceTree = "<group>";
		};
		7AD2514F1C76873000091C75 = {
			isa = PBXGroup;
			children = (
				7AD2515A1C76873000091C75 /* LunchCast */,
				D687C16D1C7A0C6200C0B1D6 /* Frameworks */,
				7AD251591C76873000091C75 /* Products */,
			);
			sourceTree = "<group>";
		};
		7AD251591C76873000091C75 /* Products */ = {
			isa = PBXGroup;
			children = (
				7AD251581C76873000091C75 /* LunchCast.app */,
			);
			name = Products;
			sourceTree = "<group>";
		};
		7AD2515A1C76873000091C75 /* LunchCast */ = {
			isa = PBXGroup;
			children = (
				7AC6C3A21C771E0600D937E7 /* Resources */,
				7ACC33511C77163A00E9D8F8 /* Views */,
				7ACC33521C77164E00E9D8F8 /* View Controllers */,
				D687C0781C7A059B00C0B1D6 /* Model */,
				7AD2515B1C76873000091C75 /* Supporting Files */,
			);
			name = LunchCast;
			path = "LunchCast initial";
			sourceTree = "<group>";
		};
		7AD2515B1C76873000091C75 /* Supporting Files */ = {
			isa = PBXGroup;
			children = (
				7AF5DDEA1D21B49000BD79C1 /* UIColor+NewColorAdditions.h */,
				7AF5DDEB1D21B49000BD79C1 /* UIColor+NewColorAdditions.m */,
				D687C0891C7A062500C0B1D6 /* PrefixHeader.pch */,
				D687C08A1C7A062500C0B1D6 /* ErrorCoding.h */,
				D687C08B1C7A062500C0B1D6 /* RequestCallbackProtocol.h */,
				7AD2515E1C76873000091C75 /* AppDelegate.h */,
				7AD2515F1C76873000091C75 /* AppDelegate.m */,
				7AD2516C1C76873000091C75 /* Info.plist */,
				7AD2515C1C76873000091C75 /* main.m */,
			);
			name = "Supporting Files";
			sourceTree = "<group>";
		};
		D687C0781C7A059B00C0B1D6 /* Model */ = {
			isa = PBXGroup;
			children = (
				7AC9E4661C832D42001BEA84 /* Backendless Model */,
				D687C07C1C7A05C100C0B1D6 /* Categories */,
				D687C0751C7A058D00C0B1D6 /* Validator.h */,
				D687C0761C7A058D00C0B1D6 /* Validator.m */,
				D687C0801C7A05F100C0B1D6 /* AccountData.h */,
				D687C0811C7A05F100C0B1D6 /* AccountData.m */,
				D687C0821C7A05F100C0B1D6 /* AccountManager.h */,
				D687C0831C7A05F100C0B1D6 /* AccountManager.m */,
				D687C08C1C7A064700C0B1D6 /* PushNotificationRegistrator.h */,
				D687C08D1C7A064700C0B1D6 /* PushNotificationRegistrator.m */,
				D6A465181C83488D0046701D /* BackendlessAuthReponseProtocol.h */,
				D6A4651D1C83A7B80046701D /* Utilities.h */,
				D6A4651E1C83A7B80046701D /* Utilities.m */,
			);
			name = Model;
			sourceTree = "<group>";
		};
		D687C07C1C7A05C100C0B1D6 /* Categories */ = {
			isa = PBXGroup;
			children = (
				D687C0791C7A05BB00C0B1D6 /* UIAlertController+EasyInit.h */,
				D687C07A1C7A05BB00C0B1D6 /* UIAlertController+EasyInit.m */,
			);
			name = Categories;
			sourceTree = "<group>";
		};
		D687C0951C7A0BE600C0B1D6 /* lib */ = {
			isa = PBXGroup;
			children = (
				D687C0961C7A0BE600C0B1D6 /* backendless */,
				D687C0DA1C7A0BE600C0B1D6 /* CommLibiOS */,
				D687C0F01C7A0BE600C0B1D6 /* libav-11.4 */,
				D687C1481C7A0BE600C0B1D6 /* MediaLibiOS3x */,
				D687C1511C7A0BE600C0B1D6 /* speex-1.2rc2 */,
				D687C15C1C7A0BE600C0B1D6 /* x264 */,
			);
			path = lib;
			sourceTree = "<group>";
		};
		D687C0961C7A0BE600C0B1D6 /* backendless */ = {
			isa = PBXGroup;
			children = (
				D687C0971C7A0BE600C0B1D6 /* backendless.a */,
				D687C0981C7A0BE600C0B1D6 /* include */,
			);
			path = backendless;
			sourceTree = "<group>";
		};
		D687C0981C7A0BE600C0B1D6 /* include */ = {
			isa = PBXGroup;
			children = (
				D687C0991C7A0BE600C0B1D6 /* AbstractProperty.h */,
				D687C09A1C7A0BE600C0B1D6 /* AbstractQuery.h */,
				D687C09B1C7A0BE600C0B1D6 /* AtomicCounters.h */,
				D687C09C1C7A0BE600C0B1D6 /* AtomicCountersFactory.h */,
				D687C09D1C7A0BE600C0B1D6 /* Backendless-Bridging-Header.h */,
				D687C09E1C7A0BE600C0B1D6 /* Backendless-With-Media-Bridging-Header.h */,
				D687C09F1C7A0BE600C0B1D6 /* Backendless.h */,
				D687C0A01C7A0BE600C0B1D6 /* BackendlessBeacon.h */,
				D687C0A11C7A0BE600C0B1D6 /* BackendlessCachePolicy.h */,
				D687C0A21C7A0BE600C0B1D6 /* BackendlessCacheProtocol.h */,
				D687C0A31C7A0BE600C0B1D6 /* BackendlessCollection.h */,
				D687C0A41C7A0BE600C0B1D6 /* BackendlessDataQuery.h */,
				D687C0A51C7A0BE600C0B1D6 /* BackendlessEntity.h */,
				D687C0A61C7A0BE600C0B1D6 /* BackendlessFile.h */,
				D687C0A71C7A0BE600C0B1D6 /* BackendlessGeoQuery.h */,
				D687C0A81C7A0BE600C0B1D6 /* BackendlessSimpleQuery.h */,
				D687C0A91C7A0BE600C0B1D6 /* BackendlessUser.h */,
				D687C0AA1C7A0BE600C0B1D6 /* BEAnnotation.h */,
				D687C0AB1C7A0BE600C0B1D6 /* BECollectionView.h */,
				D687C0AC1C7A0BE600C0B1D6 /* BEFileInfo.h */,
				D687C0AD1C7A0BE600C0B1D6 /* BEMapView.h */,
				D687C0AE1C7A0BE600C0B1D6 /* BESubscription.h */,
				D687C0AF1C7A0BE600C0B1D6 /* BETableView.h */,
				D687C0B01C7A0BE600C0B1D6 /* CacheFactory.h */,
				D687C0B11C7A0BE600C0B1D6 /* CacheService.h */,
				D687C0B21C7A0BE600C0B1D6 /* CustomService.h */,
				D687C0B31C7A0BE600C0B1D6 /* DataPermission.h */,
				D687C0B41C7A0BE600C0B1D6 /* DataStoreFactory.h */,
				D687C0B51C7A0BE600C0B1D6 /* DeliveryOptions.h */,
				D687C0B61C7A0BE600C0B1D6 /* DeviceRegistration.h */,
				D687C0B71C7A0BE600C0B1D6 /* Events.h */,
				D687C0B81C7A0BE600C0B1D6 /* FilePermission.h */,
				D687C0B91C7A0BE600C0B1D6 /* FileService.h */,
				D687C0BA1C7A0BE600C0B1D6 /* GeoCategory.h */,
				D687C0BB1C7A0BE600C0B1D6 /* GeoCluster.h */,
				D687C0BC1C7A0BE600C0B1D6 /* GeoFence.h */,
				D687C0BD1C7A0BE600C0B1D6 /* GeoPoint.h */,
				D687C0BE1C7A0BE600C0B1D6 /* GeoService.h */,
				D687C0BF1C7A0BE600C0B1D6 /* HashMap.h */,
				D687C0C01C7A0BE600C0B1D6 /* IAtomicCounters.h */,
				D687C0C11C7A0BE600C0B1D6 /* ICacheService.h */,
				D687C0C21C7A0BE600C0B1D6 /* ICallback.h */,
				D687C0C31C7A0BE600C0B1D6 /* IDataStore.h */,
				D687C0C41C7A0BE600C0B1D6 /* IMediaStreamer.h */,
				D687C0C51C7A0BE600C0B1D6 /* IPresenceListener.h */,
				D687C0C61C7A0BE600C0B1D6 /* LocationTracker.h */,
				D687C0C71C7A0BE600C0B1D6 /* Logger.h */,
				D687C0C81C7A0BE600C0B1D6 /* Logging.h */,
				D687C0C91C7A0BE600C0B1D6 /* MediaPlaybackOptions.h */,
				D687C0CA1C7A0BE600C0B1D6 /* MediaPlayer.h */,
				D687C0CB1C7A0BE600C0B1D6 /* MediaPublisher.h */,
				D687C0CC1C7A0BE600C0B1D6 /* MediaPublishOptions.h */,
				D687C0CD1C7A0BE600C0B1D6 /* MediaService.h */,
				D687C0CE1C7A0BE600C0B1D6 /* Message.h */,
				D687C0CF1C7A0BE600C0B1D6 /* MessageStatus.h */,
				D687C0D01C7A0BE600C0B1D6 /* MessagingService.h */,
				D687C0D11C7A0BE600C0B1D6 /* ObjectProperty.h */,
				D687C0D21C7A0BE600C0B1D6 /* PersistenceService.h */,
				D687C0D31C7A0BE600C0B1D6 /* Presence.h */,
				D687C0D41C7A0BE600C0B1D6 /* ProtectedBackendlessGeoQuery.h */,
				D687C0D51C7A0BE600C0B1D6 /* PublishOptions.h */,
				D687C0D61C7A0BE600C0B1D6 /* QueryOptions.h */,
				D687C0D71C7A0BE600C0B1D6 /* SubscriptionOptions.h */,
				D687C0D81C7A0BE600C0B1D6 /* UserProperty.h */,
				D687C0D91C7A0BE600C0B1D6 /* UserService.h */,
			);
			path = include;
			sourceTree = "<group>";
		};
		D687C0DA1C7A0BE600C0B1D6 /* CommLibiOS */ = {
			isa = PBXGroup;
			children = (
				D687C0DB1C7A0BE600C0B1D6 /* CommLibiOS.a */,
				D687C0DC1C7A0BE600C0B1D6 /* include */,
			);
			path = CommLibiOS;
			sourceTree = "<group>";
		};
		D687C0DC1C7A0BE600C0B1D6 /* include */ = {
			isa = PBXGroup;
			children = (
				D687C0DD1C7A0BE600C0B1D6 /* AMFSerializer.h */,
				D687C0DE1C7A0BE600C0B1D6 /* BinaryCodec.h */,
				D687C0DF1C7A0BE600C0B1D6 /* BinaryStream.h */,
				D687C0E01C7A0BE600C0B1D6 /* DEBUG.h */,
				D687C0E11C7A0BE600C0B1D6 /* FlashorbBinaryReader.h */,
				D687C0E21C7A0BE600C0B1D6 /* FlashorbBinaryWriter.h */,
				D687C0E31C7A0BE600C0B1D6 /* IAttributeStore.h */,
				D687C0E41C7A0BE600C0B1D6 /* IClientSharedObject.h */,
				D687C0E51C7A0BE600C0B1D6 /* IClientSharedObjectDelegate.h */,
				D687C0E61C7A0BE600C0B1D6 /* IPendingServiceCallback.h */,
				D687C0E71C7A0BE600C0B1D6 /* IPersistable.h */,
				D687C0E81C7A0BE600C0B1D6 /* IRTMProtocol.h */,
				D687C0E91C7A0BE600C0B1D6 /* IServiceCall.h */,
				D687C0EA1C7A0BE600C0B1D6 /* ISharedObjectListener.h */,
				D687C0EB1C7A0BE600C0B1D6 /* MemoryTicker.h */,
				D687C0EC1C7A0BE600C0B1D6 /* Responder.h */,
				D687C0ED1C7A0BE600C0B1D6 /* RTMPClient.h */,
				D687C0EE1C7A0BE600C0B1D6 /* Types.h */,
				D687C0EF1C7A0BE600C0B1D6 /* WeborbClient.h */,
			);
			path = include;
			sourceTree = "<group>";
		};
		D687C0F01C7A0BE600C0B1D6 /* libav-11.4 */ = {
			isa = PBXGroup;
			children = (
				D687C0F11C7A0BE600C0B1D6 /* include */,
				D687C1411C7A0BE600C0B1D6 /* lib */,
			);
			path = "libav-11.4";
			sourceTree = "<group>";
		};
		D687C0F11C7A0BE600C0B1D6 /* include */ = {
			isa = PBXGroup;
			children = (
				D687C0F21C7A0BE600C0B1D6 /* libavcodec */,
				D687C0FC1C7A0BE600C0B1D6 /* libavdevice */,
				D687C0FF1C7A0BE600C0B1D6 /* libavfilter */,
				D687C1051C7A0BE600C0B1D6 /* libavformat */,
				D687C1091C7A0BE600C0B1D6 /* libavresample */,
				D687C10C1C7A0BE600C0B1D6 /* libavutil */,
				D687C13E1C7A0BE600C0B1D6 /* libswscale */,
			);
			path = include;
			sourceTree = "<group>";
		};
		D687C0F21C7A0BE600C0B1D6 /* libavcodec */ = {
			isa = PBXGroup;
			children = (
				D687C0F31C7A0BE600C0B1D6 /* avcodec.h */,
				D687C0F41C7A0BE600C0B1D6 /* avfft.h */,
				D687C0F51C7A0BE600C0B1D6 /* dv_profile.h */,
				D687C0F61C7A0BE600C0B1D6 /* dxva2.h */,
				D687C0F71C7A0BE600C0B1D6 /* vaapi.h */,
				D687C0F81C7A0BE600C0B1D6 /* vda.h */,
				D687C0F91C7A0BE600C0B1D6 /* vdpau.h */,
				D687C0FA1C7A0BE600C0B1D6 /* version.h */,
				D687C0FB1C7A0BE600C0B1D6 /* xvmc.h */,
			);
			path = libavcodec;
			sourceTree = "<group>";
		};
		D687C0FC1C7A0BE600C0B1D6 /* libavdevice */ = {
			isa = PBXGroup;
			children = (
				D687C0FD1C7A0BE600C0B1D6 /* avdevice.h */,
				D687C0FE1C7A0BE600C0B1D6 /* version.h */,
			);
			path = libavdevice;
			sourceTree = "<group>";
		};
		D687C0FF1C7A0BE600C0B1D6 /* libavfilter */ = {
			isa = PBXGroup;
			children = (
				D687C1001C7A0BE600C0B1D6 /* avfilter.h */,
				D687C1011C7A0BE600C0B1D6 /* avfiltergraph.h */,
				D687C1021C7A0BE600C0B1D6 /* buffersink.h */,
				D687C1031C7A0BE600C0B1D6 /* buffersrc.h */,
				D687C1041C7A0BE600C0B1D6 /* version.h */,
			);
			path = libavfilter;
			sourceTree = "<group>";
		};
		D687C1051C7A0BE600C0B1D6 /* libavformat */ = {
			isa = PBXGroup;
			children = (
				D687C1061C7A0BE600C0B1D6 /* avformat.h */,
				D687C1071C7A0BE600C0B1D6 /* avio.h */,
				D687C1081C7A0BE600C0B1D6 /* version.h */,
			);
			path = libavformat;
			sourceTree = "<group>";
		};
		D687C1091C7A0BE600C0B1D6 /* libavresample */ = {
			isa = PBXGroup;
			children = (
				D687C10A1C7A0BE600C0B1D6 /* avresample.h */,
				D687C10B1C7A0BE600C0B1D6 /* version.h */,
			);
			path = libavresample;
			sourceTree = "<group>";
		};
		D687C10C1C7A0BE600C0B1D6 /* libavutil */ = {
			isa = PBXGroup;
			children = (
				D687C10D1C7A0BE600C0B1D6 /* adler32.h */,
				D687C10E1C7A0BE600C0B1D6 /* aes.h */,
				D687C10F1C7A0BE600C0B1D6 /* attributes.h */,
				D687C1101C7A0BE600C0B1D6 /* audio_fifo.h */,
				D687C1111C7A0BE600C0B1D6 /* audioconvert.h */,
				D687C1121C7A0BE600C0B1D6 /* avassert.h */,
				D687C1131C7A0BE600C0B1D6 /* avconfig.h */,
				D687C1141C7A0BE600C0B1D6 /* avstring.h */,
				D687C1151C7A0BE600C0B1D6 /* avutil.h */,
				D687C1161C7A0BE600C0B1D6 /* base64.h */,
				D687C1171C7A0BE600C0B1D6 /* blowfish.h */,
				D687C1181C7A0BE600C0B1D6 /* bswap.h */,
				D687C1191C7A0BE600C0B1D6 /* buffer.h */,
				D687C11A1C7A0BE600C0B1D6 /* channel_layout.h */,
				D687C11B1C7A0BE600C0B1D6 /* common.h */,
				D687C11C1C7A0BE600C0B1D6 /* cpu.h */,
				D687C11D1C7A0BE600C0B1D6 /* crc.h */,
				D687C11E1C7A0BE600C0B1D6 /* dict.h */,
				D687C11F1C7A0BE600C0B1D6 /* display.h */,
				D687C1201C7A0BE600C0B1D6 /* downmix_info.h */,
				D687C1211C7A0BE600C0B1D6 /* error.h */,
				D687C1221C7A0BE600C0B1D6 /* eval.h */,
				D687C1231C7A0BE600C0B1D6 /* fifo.h */,
				D687C1241C7A0BE600C0B1D6 /* file.h */,
				D687C1251C7A0BE600C0B1D6 /* frame.h */,
				D687C1261C7A0BE600C0B1D6 /* hmac.h */,
				D687C1271C7A0BE600C0B1D6 /* imgutils.h */,
				D687C1281C7A0BE600C0B1D6 /* intfloat.h */,
				D687C1291C7A0BE600C0B1D6 /* intreadwrite.h */,
				D687C12A1C7A0BE600C0B1D6 /* lfg.h */,
				D687C12B1C7A0BE600C0B1D6 /* log.h */,
				D687C12C1C7A0BE600C0B1D6 /* macros.h */,
				D687C12D1C7A0BE600C0B1D6 /* mathematics.h */,
				D687C12E1C7A0BE600C0B1D6 /* md5.h */,
				D687C12F1C7A0BE600C0B1D6 /* mem.h */,
				D687C1301C7A0BE600C0B1D6 /* old_pix_fmts.h */,
				D687C1311C7A0BE600C0B1D6 /* opt.h */,
				D687C1321C7A0BE600C0B1D6 /* parseutils.h */,
				D687C1331C7A0BE600C0B1D6 /* pixdesc.h */,
				D687C1341C7A0BE600C0B1D6 /* pixfmt.h */,
				D687C1351C7A0BE600C0B1D6 /* random_seed.h */,
				D687C1361C7A0BE600C0B1D6 /* rational.h */,
				D687C1371C7A0BE600C0B1D6 /* replaygain.h */,
				D687C1381C7A0BE600C0B1D6 /* samplefmt.h */,
				D687C1391C7A0BE600C0B1D6 /* sha.h */,
				D687C13A1C7A0BE600C0B1D6 /* stereo3d.h */,
				D687C13B1C7A0BE600C0B1D6 /* time.h */,
				D687C13C1C7A0BE600C0B1D6 /* version.h */,
				D687C13D1C7A0BE600C0B1D6 /* xtea.h */,
			);
			path = libavutil;
			sourceTree = "<group>";
		};
		D687C13E1C7A0BE600C0B1D6 /* libswscale */ = {
			isa = PBXGroup;
			children = (
				D687C13F1C7A0BE600C0B1D6 /* swscale.h */,
				D687C1401C7A0BE600C0B1D6 /* version.h */,
			);
			path = libswscale;
			sourceTree = "<group>";
		};
		D687C1411C7A0BE600C0B1D6 /* lib */ = {
			isa = PBXGroup;
			children = (
				D687C1421C7A0BE600C0B1D6 /* libavcodec.a */,
				D687C1431C7A0BE600C0B1D6 /* libavdevice.a */,
				D687C1441C7A0BE600C0B1D6 /* libavfilter.a */,
				D687C1451C7A0BE600C0B1D6 /* libavformat.a */,
				D687C1461C7A0BE600C0B1D6 /* libavutil.a */,
				D687C1471C7A0BE600C0B1D6 /* libswscale.a */,
			);
			path = lib;
			sourceTree = "<group>";
		};
		D687C1481C7A0BE600C0B1D6 /* MediaLibiOS3x */ = {
			isa = PBXGroup;
			children = (
				D687C1491C7A0BE600C0B1D6 /* include */,
				D687C1501C7A0BE600C0B1D6 /* MediaLibiOS.a */,
			);
			path = MediaLibiOS3x;
			sourceTree = "<group>";
		};
		D687C1491C7A0BE600C0B1D6 /* include */ = {
			isa = PBXGroup;
			children = (
				D687C14A1C7A0BE600C0B1D6 /* BroadcastStreamClient.h */,
				D687C14B1C7A0BE600C0B1D6 /* MediaStreamPlayer.h */,
				D687C14C1C7A0BE600C0B1D6 /* MPMediaData.h */,
				D687C14D1C7A0BE600C0B1D6 /* MPMediaDecoder.h */,
				D687C14E1C7A0BE600C0B1D6 /* MPMediaEncoder.h */,
				D687C14F1C7A0BE600C0B1D6 /* VideoPlayer.h */,
			);
			path = include;
			sourceTree = "<group>";
		};
		D687C1511C7A0BE600C0B1D6 /* speex-1.2rc2 */ = {
			isa = PBXGroup;
			children = (
				D687C1521C7A0BE600C0B1D6 /* include */,
				D687C15A1C7A0BE600C0B1D6 /* lib */,
			);
			path = "speex-1.2rc2";
			sourceTree = "<group>";
		};
		D687C1521C7A0BE600C0B1D6 /* include */ = {
			isa = PBXGroup;
			children = (
				D687C1531C7A0BE600C0B1D6 /* speex.h */,
				D687C1541C7A0BE600C0B1D6 /* speex_bits.h */,
				D687C1551C7A0BE600C0B1D6 /* speex_callbacks.h */,
				D687C1561C7A0BE600C0B1D6 /* speex_config_types.h */,
				D687C1571C7A0BE600C0B1D6 /* speex_header.h */,
				D687C1581C7A0BE600C0B1D6 /* speex_stereo.h */,
				D687C1591C7A0BE600C0B1D6 /* speex_types.h */,
			);
			path = include;
			sourceTree = "<group>";
		};
		D687C15A1C7A0BE600C0B1D6 /* lib */ = {
			isa = PBXGroup;
			children = (
				D687C15B1C7A0BE600C0B1D6 /* libspeex.a */,
			);
			path = lib;
			sourceTree = "<group>";
		};
		D687C15C1C7A0BE600C0B1D6 /* x264 */ = {
			isa = PBXGroup;
			children = (
				D687C15D1C7A0BE600C0B1D6 /* include */,
				D687C1601C7A0BE600C0B1D6 /* lib */,
			);
			path = x264;
			sourceTree = "<group>";
		};
		D687C15D1C7A0BE600C0B1D6 /* include */ = {
			isa = PBXGroup;
			children = (
				D687C15E1C7A0BE600C0B1D6 /* x264.h */,
				D687C15F1C7A0BE600C0B1D6 /* x264_config.h */,
			);
			path = include;
			sourceTree = "<group>";
		};
		D687C1601C7A0BE600C0B1D6 /* lib */ = {
			isa = PBXGroup;
			children = (
				D687C1611C7A0BE600C0B1D6 /* libx264.a */,
			);
			path = lib;
			sourceTree = "<group>";
		};
		D687C16D1C7A0C6200C0B1D6 /* Frameworks */ = {
			isa = PBXGroup;
			children = (
				D687C0951C7A0BE600C0B1D6 /* lib */,
				D687C0931C7A0BBF00C0B1D6 /* libz.tbd */,
				D687C0911C7A0BBA00C0B1D6 /* libsqlite3.tbd */,
				D687C08F1C7A0BB200C0B1D6 /* SystemConfiguration.framework */,
			);
			name = Frameworks;
			sourceTree = "<group>";
		};
/* End PBXGroup section */

/* Begin PBXNativeTarget section */
		7AD251571C76873000091C75 /* LunchCast */ = {
			isa = PBXNativeTarget;
			buildConfigurationList = 7AD251851C76873000091C75 /* Build configuration list for PBXNativeTarget "LunchCast" */;
			buildPhases = (
				7AD251541C76873000091C75 /* Sources */,
				7AD251551C76873000091C75 /* Frameworks */,
				7AD251561C76873000091C75 /* Resources */,
			);
			buildRules = (
			);
			dependencies = (
			);
			name = LunchCast;
			productName = "LunchCast initial";
			productReference = 7AD251581C76873000091C75 /* LunchCast.app */;
			productType = "com.apple.product-type.application";
		};
/* End PBXNativeTarget section */

/* Begin PBXProject section */
		7AD251501C76873000091C75 /* Project object */ = {
			isa = PBXProject;
			attributes = {
				LastUpgradeCheck = 0720;
				ORGANIZATIONNAME = "Aleksandra Stevović";
				TargetAttributes = {
					7AD251571C76873000091C75 = {
						CreatedOnToolsVersion = 7.2.1;
						DevelopmentTeam = TUUBAVQP9G;
						SystemCapabilities = {
							com.apple.Push = {
								enabled = 1;
							};
						};
					};
				};
			};
			buildConfigurationList = 7AD251531C76873000091C75 /* Build configuration list for PBXProject "LunchCast" */;
			compatibilityVersion = "Xcode 3.2";
			developmentRegion = English;
			hasScannedForEncodings = 0;
			knownRegions = (
				en,
				Base,
			);
			mainGroup = 7AD2514F1C76873000091C75;
			productRefGroup = 7AD251591C76873000091C75 /* Products */;
			projectDirPath = "";
			projectRoot = "";
			targets = (
				7AD251571C76873000091C75 /* LunchCast */,
			);
		};
/* End PBXProject section */

/* Begin PBXResourcesBuildPhase section */
		7AD251561C76873000091C75 /* Resources */ = {
			isa = PBXResourcesBuildPhase;
			buildActionMask = 2147483647;
			files = (
				D69810951C8B2EC600E401AA /* Main.storyboard in Resources */,
				7AD2516B1C76873000091C75 /* LaunchScreen.storyboard in Resources */,
				7AD251681C76873000091C75 /* Assets.xcassets in Resources */,
			);
			runOnlyForDeploymentPostprocessing = 0;
		};
/* End PBXResourcesBuildPhase section */

/* Begin PBXSourcesBuildPhase section */
		7AD251541C76873000091C75 /* Sources */ = {
			isa = PBXSourcesBuildPhase;
			buildActionMask = 2147483647;
			files = (
				7A7D04E01C88DF0200710F16 /* Tag.m in Sources */,
				7AC9E4701C834716001BEA84 /* RestaurantCell.m in Sources */,
				7AF3C60C1C86505600555E98 /* MenuCell.m in Sources */,
				7AD251601C76873000091C75 /* AppDelegate.m in Sources */,
				7AF5DDEC1D21B49000BD79C1 /* UIColor+NewColorAdditions.m in Sources */,
				D687C07F1C7A05D600C0B1D6 /* CustomActivityIndicator.m in Sources */,
				D6A4651F1C83A7B80046701D /* Utilities.m in Sources */,
				7AC9E46A1C83435B001BEA84 /* CreateOrderViewController.m in Sources */,
				D687C0731C7A053D00C0B1D6 /* SignInVC.m in Sources */,
				7AF5DDEF1D21B98F00BD79C1 /* CustomCollectionViewCell.m in Sources */,
				7A7D04E41C88DF0200710F16 /* Order.m in Sources */,
				7AD2515D1C76873000091C75 /* main.m in Sources */,
				D687C0841C7A05F100C0B1D6 /* AccountData.m in Sources */,
				7AF5DDE91D21B0CE00BD79C1 /* TextFieldWithInsets.m in Sources */,
				7A7D04E31C88DF0200710F16 /* Meal.m in Sources */,
				7AD251901C76890E00091C75 /* HomeViewController.m in Sources */,
				7AD2519C1C76907F00091C75 /* OrderDetailsViewController.m in Sources */,
				D61489C11C88D3C0003E917D /* SubscriptionsTableViewController.m in Sources */,
				D687C07B1C7A05BB00C0B1D6 /* UIAlertController+EasyInit.m in Sources */,
				7A7D04E11C88DF0200710F16 /* OrderItem.m in Sources */,
				7AD251961C768E9A00091C75 /* OrdersCell.m in Sources */,
				7A7D04E21C88DF0200710F16 /* Restaurant.m in Sources */,
				7AD2519F1C76942B00091C75 /* MenuViewController.m in Sources */,
				7AF5DDF21D21BB3F00BD79C1 /* SubscriptionCollectionViewController.m in Sources */,
				D687C0851C7A05F100C0B1D6 /* AccountManager.m in Sources */,
				D61489C41C8A2215003E917D /* GroupTableViewCell.m in Sources */,
				D687C08E1C7A064700C0B1D6 /* PushNotificationRegistrator.m in Sources */,
				7A7D04DF1C88DF0200710F16 /* UserSubscription.m in Sources */,
				D687C0771C7A058D00C0B1D6 /* Validator.m in Sources */,
				D6A4651C1C83A6AD0046701D /* MyProfileViewController.m in Sources */,
				7AD251931C76892800091C75 /* OrdersViewController.m in Sources */,
			);
			runOnlyForDeploymentPostprocessing = 0;
		};
/* End PBXSourcesBuildPhase section */

/* Begin PBXVariantGroup section */
		7AD251691C76873000091C75 /* LaunchScreen.storyboard */ = {
			isa = PBXVariantGroup;
			children = (
				7AD2516A1C76873000091C75 /* Base */,
			);
			name = LaunchScreen.storyboard;
			path = LunchCast;
			sourceTree = SOURCE_ROOT;
		};
		D69810931C8B2EC600E401AA /* Main.storyboard */ = {
			isa = PBXVariantGroup;
			children = (
				D69810941C8B2EC600E401AA /* Base */,
			);
			name = Main.storyboard;
			sourceTree = "<group>";
		};
/* End PBXVariantGroup section */

/* Begin XCBuildConfiguration section */
		7AD251831C76873000091C75 /* Debug */ = {
			isa = XCBuildConfiguration;
			buildSettings = {
				ALWAYS_SEARCH_USER_PATHS = NO;
				CLANG_CXX_LANGUAGE_STANDARD = "gnu++0x";
				CLANG_CXX_LIBRARY = "libc++";
				CLANG_ENABLE_MODULES = YES;
				CLANG_ENABLE_OBJC_ARC = YES;
				CLANG_WARN_BOOL_CONVERSION = YES;
				CLANG_WARN_CONSTANT_CONVERSION = YES;
				CLANG_WARN_DIRECT_OBJC_ISA_USAGE = YES_ERROR;
				CLANG_WARN_EMPTY_BODY = YES;
				CLANG_WARN_ENUM_CONVERSION = YES;
				CLANG_WARN_INT_CONVERSION = YES;
				CLANG_WARN_OBJC_ROOT_CLASS = YES_ERROR;
				CLANG_WARN_UNREACHABLE_CODE = YES;
				CLANG_WARN__DUPLICATE_METHOD_MATCH = YES;
				"CODE_SIGN_IDENTITY[sdk=iphoneos*]" = "iPhone Developer";
				COPY_PHASE_STRIP = NO;
				DEBUG_INFORMATION_FORMAT = dwarf;
				ENABLE_STRICT_OBJC_MSGSEND = YES;
				ENABLE_TESTABILITY = YES;
				GCC_C_LANGUAGE_STANDARD = gnu99;
				GCC_DYNAMIC_NO_PIC = NO;
				GCC_NO_COMMON_BLOCKS = YES;
				GCC_OPTIMIZATION_LEVEL = 0;
				GCC_PREPROCESSOR_DEFINITIONS = (
					"DEBUG=1",
					"$(inherited)",
				);
				GCC_WARN_64_TO_32_BIT_CONVERSION = YES;
				GCC_WARN_ABOUT_RETURN_TYPE = YES_ERROR;
				GCC_WARN_UNDECLARED_SELECTOR = YES;
				GCC_WARN_UNINITIALIZED_AUTOS = YES_AGGRESSIVE;
				GCC_WARN_UNUSED_FUNCTION = YES;
				GCC_WARN_UNUSED_VARIABLE = YES;
				IPHONEOS_DEPLOYMENT_TARGET = 9.2;
				MTL_ENABLE_DEBUG_INFO = YES;
				ONLY_ACTIVE_ARCH = YES;
				PROVISIONING_PROFILE = "892c8ce8-6e84-4adc-85ea-916faf0eb063";
				SDKROOT = iphoneos;
				TARGETED_DEVICE_FAMILY = "1,2";
			};
			name = Debug;
		};
		7AD251841C76873000091C75 /* Release */ = {
			isa = XCBuildConfiguration;
			buildSettings = {
				ALWAYS_SEARCH_USER_PATHS = NO;
				CLANG_CXX_LANGUAGE_STANDARD = "gnu++0x";
				CLANG_CXX_LIBRARY = "libc++";
				CLANG_ENABLE_MODULES = YES;
				CLANG_ENABLE_OBJC_ARC = YES;
				CLANG_WARN_BOOL_CONVERSION = YES;
				CLANG_WARN_CONSTANT_CONVERSION = YES;
				CLANG_WARN_DIRECT_OBJC_ISA_USAGE = YES_ERROR;
				CLANG_WARN_EMPTY_BODY = YES;
				CLANG_WARN_ENUM_CONVERSION = YES;
				CLANG_WARN_INT_CONVERSION = YES;
				CLANG_WARN_OBJC_ROOT_CLASS = YES_ERROR;
				CLANG_WARN_UNREACHABLE_CODE = YES;
				CLANG_WARN__DUPLICATE_METHOD_MATCH = YES;
				"CODE_SIGN_IDENTITY[sdk=iphoneos*]" = "iPhone Developer";
				COPY_PHASE_STRIP = NO;
				DEBUG_INFORMATION_FORMAT = "dwarf-with-dsym";
				ENABLE_NS_ASSERTIONS = NO;
				ENABLE_STRICT_OBJC_MSGSEND = YES;
				GCC_C_LANGUAGE_STANDARD = gnu99;
				GCC_NO_COMMON_BLOCKS = YES;
				GCC_WARN_64_TO_32_BIT_CONVERSION = YES;
				GCC_WARN_ABOUT_RETURN_TYPE = YES_ERROR;
				GCC_WARN_UNDECLARED_SELECTOR = YES;
				GCC_WARN_UNINITIALIZED_AUTOS = YES_AGGRESSIVE;
				GCC_WARN_UNUSED_FUNCTION = YES;
				GCC_WARN_UNUSED_VARIABLE = YES;
				IPHONEOS_DEPLOYMENT_TARGET = 9.2;
				MTL_ENABLE_DEBUG_INFO = NO;
				PROVISIONING_PROFILE = "892c8ce8-6e84-4adc-85ea-916faf0eb063";
				SDKROOT = iphoneos;
				TARGETED_DEVICE_FAMILY = "1,2";
				VALIDATE_PRODUCT = YES;
			};
			name = Release;
		};
		7AD251861C76873000091C75 /* Debug */ = {
			isa = XCBuildConfiguration;
			buildSettings = {
				ASSETCATALOG_COMPILER_APPICON_NAME = AppIcon;
				CODE_SIGN_IDENTITY = "iPhone Developer: Marko Cancar (EL449XNLB9)";
				GCC_PRECOMPILE_PREFIX_HEADER = YES;
				GCC_PREFIX_HEADER = PrefixHeader.pch;
				INFOPLIST_FILE = "$(SRCROOT)/LunchCast/Info.plist";
				IPHONEOS_DEPLOYMENT_TARGET = 8.1;
				LD_RUNPATH_SEARCH_PATHS = "$(inherited) @executable_path/Frameworks";
				LIBRARY_SEARCH_PATHS = (
					"$(inherited)",
					"$(PROJECT_DIR)/lib/backendless",
					"$(PROJECT_DIR)/lib/CommLibiOS",
					"$(PROJECT_DIR)/lib/libav-11.4/lib",
					"$(PROJECT_DIR)/lib/MediaLibiOS3x",
					"$(PROJECT_DIR)/lib/speex-1.2rc2/lib",
					"$(PROJECT_DIR)/lib",
					"$(PROJECT_DIR)/lib/x264/lib",
				);
				PRODUCT_BUNDLE_IDENTIFIER = rs.pstech.LunchCast;
				PRODUCT_NAME = LunchCast;
				PROVISIONING_PROFILE = "892c8ce8-6e84-4adc-85ea-916faf0eb063";
			};
			name = Debug;
		};
		7AD251871C76873000091C75 /* Release */ = {
			isa = XCBuildConfiguration;
			buildSettings = {
				ASSETCATALOG_COMPILER_APPICON_NAME = AppIcon;
				CODE_SIGN_IDENTITY = "iPhone Developer: Marko Cancar (EL449XNLB9)";
				GCC_PRECOMPILE_PREFIX_HEADER = YES;
				GCC_PREFIX_HEADER = PrefixHeader.pch;
				INFOPLIST_FILE = "$(SRCROOT)/LunchCast/Info.plist";
				IPHONEOS_DEPLOYMENT_TARGET = 8.1;
				LD_RUNPATH_SEARCH_PATHS = "$(inherited) @executable_path/Frameworks";
				LIBRARY_SEARCH_PATHS = (
					"$(inherited)",
					"$(PROJECT_DIR)/lib/backendless",
					"$(PROJECT_DIR)/lib/CommLibiOS",
					"$(PROJECT_DIR)/lib/libav-11.4/lib",
					"$(PROJECT_DIR)/lib/MediaLibiOS3x",
					"$(PROJECT_DIR)/lib/speex-1.2rc2/lib",
					"$(PROJECT_DIR)/lib",
					"$(PROJECT_DIR)/lib/x264/lib",
				);
				PRODUCT_BUNDLE_IDENTIFIER = rs.pstech.LunchCast;
				PRODUCT_NAME = LunchCast;
				PROVISIONING_PROFILE = "892c8ce8-6e84-4adc-85ea-916faf0eb063";
			};
			name = Release;
		};
/* End XCBuildConfiguration section */

/* Begin XCConfigurationList section */
		7AD251531C76873000091C75 /* Build configuration list for PBXProject "LunchCast" */ = {
			isa = XCConfigurationList;
			buildConfigurations = (
				7AD251831C76873000091C75 /* Debug */,
				7AD251841C76873000091C75 /* Release */,
			);
			defaultConfigurationIsVisible = 0;
			defaultConfigurationName = Release;
		};
		7AD251851C76873000091C75 /* Build configuration list for PBXNativeTarget "LunchCast" */ = {
			isa = XCConfigurationList;
			buildConfigurations = (
				7AD251861C76873000091C75 /* Debug */,
				7AD251871C76873000091C75 /* Release */,
			);
			defaultConfigurationIsVisible = 0;
			defaultConfigurationName = Release;
		};
/* End XCConfigurationList section */
	};
	rootObject = 7AD251501C76873000091C75 /* Project object */;
}
